// !$*UTF8*$!
{
	archiveVersion = 1;
	classes = {
	};
	objectVersion = 54;
	objects = {

/* Begin PBXBuildFile section */
		0721C6992F82623F00A9BA75 /* GoogleMobileAds in Frameworks */ = {isa = PBXBuildFile; productRef = 83E3E131FA04D8177E4E41D1 /* GoogleMobileAds */; };
		0721C6A22F82629000A9BA75 /* libadmob_plugin.a in Frameworks */ = {isa = PBXBuildFile; fileRef = 90CAAA9424E71FF10013969F /* libadmob_plugin.a */; };
		0721C6C12F82639B00A9BA75 /* XCTest.framework in Frameworks */ = {isa = PBXBuildFile; fileRef = 0721C6C02F82639B00A9BA75 /* XCTest.framework */; platformFilter = ios; };
		0721C6C32F8263C300A9BA75 /* GoogleMobileAds in Frameworks */ = {isa = PBXBuildFile; productRef = 0721C6C22F8263C300A9BA75 /* GoogleMobileAds */; };
		073E18712F835E0400D42B57 /* MediationNetworkFactoryTests.mm in Sources */ = {isa = PBXBuildFile; fileRef = 073E186E2F835E0400D42B57 /* MediationNetworkFactoryTests.mm */; };
		073E18722F835E0400D42B57 /* GlobalSettingsTests.swift in Sources */ = {isa = PBXBuildFile; fileRef = 073E186C2F835E0400D42B57 /* GlobalSettingsTests.swift */; };
		073E18732F835E0400D42B57 /* LoadAdRequestTests.mm in Sources */ = {isa = PBXBuildFile; fileRef = 073E186D2F835E0400D42B57 /* LoadAdRequestTests.mm */; };
		073E18742F835E0400D42B57 /* AdmobAdSizeTests.mm in Sources */ = {isa = PBXBuildFile; fileRef = 073E18662F835E0400D42B57 /* AdmobAdSizeTests.mm */; };
		073E18752F835E0400D42B57 /* AdmobTestFixtures.mm in Sources */ = {isa = PBXBuildFile; fileRef = 073E18642F835E0400D42B57 /* AdmobTestFixtures.mm */; };
		073E18762F835E0400D42B57 /* GAPConverterTests.mm in Sources */ = {isa = PBXBuildFile; fileRef = 073E186B2F835E0400D42B57 /* GAPConverterTests.mm */; };
		073E18772F835E0400D42B57 /* AdmobStatusTests.mm in Sources */ = {isa = PBXBuildFile; fileRef = 073E18682F835E0400D42B57 /* AdmobStatusTests.mm */; };
		073E18782F835E0400D42B57 /* AdmobConfigTests.mm in Sources */ = {isa = PBXBuildFile; fileRef = 073E18672F835E0400D42B57 /* AdmobConfigTests.mm */; };
		073E18792F835E0400D42B57 /* AdSettingsWrapperTests.mm in Sources */ = {isa = PBXBuildFile; fileRef = 073E18692F835E0400D42B57 /* AdSettingsWrapperTests.mm */; };
		073E187A2F835E0400D42B57 /* ConsentManagerTests.swift in Sources */ = {isa = PBXBuildFile; fileRef = 073E186A2F835E0400D42B57 /* ConsentManagerTests.swift */; };
		07787D512EDA6C22009B6F5F /* gap_converter.mm in Sources */ = {isa = PBXBuildFile; fileRef = 07787D0F2EDA6C22009B6F5F /* gap_converter.mm */; };
		07787D592EDA6C22009B6F5F /* admob_logger.m in Sources */ = {isa = PBXBuildFile; fileRef = 07787D0D2EDA6C22009B6F5F /* admob_logger.m */; };
		07A9A9322EFD654F00F8335A /* admob_status.mm in Sources */ = {isa = PBXBuildFile; fileRef = 07A9A92E2EFD654F00F8335A /* admob_status.mm */; };
		07A9A9332EFD654F00F8335A /* admob_adapter_response.mm in Sources */ = {isa = PBXBuildFile; fileRef = 07A9A9262EFD654F00F8335A /* admob_adapter_response.mm */; };
		07A9A9342EFD654F00F8335A /* chartboost_mediation_network.mm in Sources */ = {isa = PBXBuildFile; fileRef = 07A9A8FA2EFD654F00F8335A /* chartboost_mediation_network.mm */; };
		07A9A9352EFD654F00F8335A /* dtexchange_mediation_network.mm in Sources */ = {isa = PBXBuildFile; fileRef = 07A9A8FC2EFD654F00F8335A /* dtexchange_mediation_network.mm */; };
		07A9A9362EFD654F00F8335A /* mediation_network_factory.mm in Sources */ = {isa = PBXBuildFile; fileRef = 07A9A90E2EFD654F00F8335A /* mediation_network_factory.mm */; };
		07A9A9372EFD654F00F8335A /* google_mediation_network.mm in Sources */ = {isa = PBXBuildFile; fileRef = 07A9A8FE2EFD654F00F8335A /* google_mediation_network.mm */; };
		07A9A9382EFD654F00F8335A /* load_ad_request.mm in Sources */ = {isa = PBXBuildFile; fileRef = 07A9A9302EFD654F00F8335A /* load_ad_request.mm */; };
		07A9A9392EFD654F00F8335A /* line_mediation_network.mm in Sources */ = {isa = PBXBuildFile; fileRef = 07A9A9082EFD654F00F8335A /* line_mediation_network.mm */; };
		07A9A93A2EFD654F00F8335A /* inmobi_mediation_network.mm in Sources */ = {isa = PBXBuildFile; fileRef = 07A9A9022EFD654F00F8335A /* inmobi_mediation_network.mm */; };
		07A9A93B2EFD654F00F8335A /* admob_plugin_bootstrap.mm in Sources */ = {isa = PBXBuildFile; fileRef = 07A9A8F62EFD654F00F8335A /* admob_plugin_bootstrap.mm */; };
		07A9A93C2EFD654F00F8335A /* imobile_mediation_network.mm in Sources */ = {isa = PBXBuildFile; fileRef = 07A9A9002EFD654F00F8335A /* imobile_mediation_network.mm */; };
		07A9A93D2EFD654F00F8335A /* banner.mm in Sources */ = {isa = PBXBuildFile; fileRef = 07A9A8ED2EFD654F00F8335A /* banner.mm */; };
		07A9A93E2EFD654F00F8335A /* admob_ad_error.mm in Sources */ = {isa = PBXBuildFile; fileRef = 07A9A9202EFD654F00F8335A /* admob_ad_error.mm */; };
		07A9A93F2EFD654F00F8335A /* admob_response.mm in Sources */ = {isa = PBXBuildFile; fileRef = 07A9A92C2EFD654F00F8335A /* admob_response.mm */; };
		07A9A9402EFD654F00F8335A /* ironsource_mediation_network.mm in Sources */ = {isa = PBXBuildFile; fileRef = 07A9A9042EFD654F00F8335A /* ironsource_mediation_network.mm */; };
		07A9A9412EFD654F00F8335A /* moloco_mediation_network.mm in Sources */ = {isa = PBXBuildFile; fileRef = 07A9A9142EFD654F00F8335A /* moloco_mediation_network.mm */; };
		07A9A9422EFD654F00F8335A /* maio_mediation_network.mm in Sources */ = {isa = PBXBuildFile; fileRef = 07A9A90A2EFD654F00F8335A /* maio_mediation_network.mm */; };
		07A9A9432EFD654F00F8335A /* meta_mediation_network.mm in Sources */ = {isa = PBXBuildFile; fileRef = 07A9A9102EFD654F00F8335A /* meta_mediation_network.mm */; };
		07A9A9442EFD654F00F8335A /* mytarget_mediation_network.mm in Sources */ = {isa = PBXBuildFile; fileRef = 07A9A9162EFD654F00F8335A /* mytarget_mediation_network.mm */; };
		07A9A9452EFD654F00F8335A /* applovin_mediation_network.mm in Sources */ = {isa = PBXBuildFile; fileRef = 07A9A8F82EFD654F00F8335A /* applovin_mediation_network.mm */; };
		07A9A9462EFD654F00F8335A /* admob_config.mm in Sources */ = {isa = PBXBuildFile; fileRef = 07A9A9282EFD654F00F8335A /* admob_config.mm */; };
		07A9A9472EFD654F00F8335A /* privacy_settings.mm in Sources */ = {isa = PBXBuildFile; fileRef = 07A9A91A2EFD654F00F8335A /* privacy_settings.mm */; };
		07A9A9482EFD654F00F8335A /* admob_ad_size.mm in Sources */ = {isa = PBXBuildFile; fileRef = 07A9A9242EFD654F00F8335A /* admob_ad_size.mm */; };
		07A9A9492EFD654F00F8335A /* pangle_mediation_network.mm in Sources */ = {isa = PBXBuildFile; fileRef = 07A9A9182EFD654F00F8335A /* pangle_mediation_network.mm */; };
		07A9A94A2EFD654F00F8335A /* ad_format_base.mm in Sources */ = {isa = PBXBuildFile; fileRef = 07A9A8E92EFD654F00F8335A /* ad_format_base.mm */; };
		07A9A94B2EFD654F00F8335A /* admob_load_ad_error.mm in Sources */ = {isa = PBXBuildFile; fileRef = 07A9A92A2EFD654F00F8335A /* admob_load_ad_error.mm */; };
		07A9A94C2EFD654F00F8335A /* unity_mediation_network.mm in Sources */ = {isa = PBXBuildFile; fileRef = 07A9A91C2EFD654F00F8335A /* unity_mediation_network.mm */; };
		07A9A94D2EFD654F00F8335A /* app_open.mm in Sources */ = {isa = PBXBuildFile; fileRef = 07A9A8EB2EFD654F00F8335A /* app_open.mm */; };
		07A9A94E2EFD654F00F8335A /* rewarded_interstitial.mm in Sources */ = {isa = PBXBuildFile; fileRef = 07A9A8F32EFD654F00F8335A /* rewarded_interstitial.mm */; };
		07A9A94F2EFD654F00F8335A /* interstitial.mm in Sources */ = {isa = PBXBuildFile; fileRef = 07A9A8EF2EFD654F00F8335A /* interstitial.mm */; };
		07A9A9502EFD654F00F8335A /* mintegral_mediation_network.mm in Sources */ = {isa = PBXBuildFile; fileRef = 07A9A9122EFD654F00F8335A /* mintegral_mediation_network.mm */; };
		07A9A9512EFD654F00F8335A /* rewarded.mm in Sources */ = {isa = PBXBuildFile; fileRef = 07A9A8F12EFD654F00F8335A /* rewarded.mm */; };
		07A9A9522EFD654F00F8335A /* liftoff_mediation_network.mm in Sources */ = {isa = PBXBuildFile; fileRef = 07A9A9062EFD654F00F8335A /* liftoff_mediation_network.mm */; };
		07A9A9532EFD654F00F8335A /* admob_ad_info.mm in Sources */ = {isa = PBXBuildFile; fileRef = 07A9A9222EFD654F00F8335A /* admob_ad_info.mm */; };
		07A9A9542EFD654F00F8335A /* mediation_network.mm in Sources */ = {isa = PBXBuildFile; fileRef = 07A9A90C2EFD654F00F8335A /* mediation_network.mm */; };
		07AF2A202EDE9CFC008A870E /* ConsentManager.swift in Sources */ = {isa = PBXBuildFile; fileRef = 07AF2A1F2EDE9CFC008A870E /* ConsentManager.swift */; };
		07B12A6E2F23A3710098B81A /* GlobalSettings.swift in Sources */ = {isa = PBXBuildFile; fileRef = 07B12A6D2F23A3710098B81A /* GlobalSettings.swift */; };
		07CC05FE2F23B744004D4A22 /* ad_settings_wrapper.mm in Sources */ = {isa = PBXBuildFile; fileRef = 07CC05FC2F23B744004D4A22 /* ad_settings_wrapper.mm */; };
		07CC05FF2F23B744004D4A22 /* AdSettings.swift in Sources */ = {isa = PBXBuildFile; fileRef = 07CC05FD2F23B744004D4A22 /* AdSettings.swift */; };
		07CF4DFE2F2DBB670034A858 /* AdmobNativeAd.swift in Sources */ = {isa = PBXBuildFile; fileRef = 07CF4DFD2F2DBB670034A858 /* AdmobNativeAd.swift */; };
		07CF4E012F2DBB850034A858 /* native_ad_bridge.mm in Sources */ = {isa = PBXBuildFile; fileRef = 07CF4E002F2DBB850034A858 /* native_ad_bridge.mm */; };
		90CAAA9924E71FF10013969F /* admob_plugin.mm in Sources */ = {isa = PBXBuildFile; fileRef = 90CAAA9824E71FF10013969F /* admob_plugin.mm */; };
/* End PBXBuildFile section */

/* Begin PBXCopyFilesBuildPhase section */
		90CAAA9224E71FF10013969F /* CopyFiles */ = {
			isa = PBXCopyFilesBuildPhase;
			buildActionMask = 2147483647;
			dstPath = "include/$(PRODUCT_NAME)";
			dstSubfolderSpec = 16;
			files = (
			);
			runOnlyForDeploymentPostprocessing = 0;
		};
/* End PBXCopyFilesBuildPhase section */

/* Begin PBXFileReference section */
		0721C69E2F82629000A9BA75 /* admob_plugin_tests.xctest */ = {isa = PBXFileReference; explicitFileType = wrapper.cfbundle; includeInIndex = 0; path = admob_plugin_tests.xctest; sourceTree = BUILT_PRODUCTS_DIR; };
		0721C6C02F82639B00A9BA75 /* XCTest.framework */ = {isa = PBXFileReference; lastKnownFileType = wrapper.framework; name = XCTest.framework; path = Platforms/iPhoneOS.platform/Developer/Library/Frameworks/XCTest.framework; sourceTree = DEVELOPER_DIR; };
		073B52C32ECF241C0063663B /* admob_plugin-Bridging-Header.h */ = {isa = PBXFileReference; lastKnownFileType = sourcecode.c.h; path = "admob_plugin-Bridging-Header.h"; sourceTree = "<group>"; };
		073E18632F835E0400D42B57 /* AdmobTestFixtures.h */ = {isa = PBXFileReference; lastKnownFileType = sourcecode.c.h; path = AdmobTestFixtures.h; sourceTree = "<group>"; };
		073E18642F835E0400D42B57 /* AdmobTestFixtures.mm */ = {isa = PBXFileReference; lastKnownFileType = sourcecode.cpp.objcpp; path = AdmobTestFixtures.mm; sourceTree = "<group>"; };
		073E18662F835E0400D42B57 /* AdmobAdSizeTests.mm */ = {isa = PBXFileReference; lastKnownFileType = sourcecode.cpp.objcpp; path = AdmobAdSizeTests.mm; sourceTree = "<group>"; };
		073E18672F835E0400D42B57 /* AdmobConfigTests.mm */ = {isa = PBXFileReference; lastKnownFileType = sourcecode.cpp.objcpp; path = AdmobConfigTests.mm; sourceTree = "<group>"; };
		073E18682F835E0400D42B57 /* AdmobStatusTests.mm */ = {isa = PBXFileReference; lastKnownFileType = sourcecode.cpp.objcpp; path = AdmobStatusTests.mm; sourceTree = "<group>"; };
		073E18692F835E0400D42B57 /* AdSettingsWrapperTests.mm */ = {isa = PBXFileReference; lastKnownFileType = sourcecode.cpp.objcpp; path = AdSettingsWrapperTests.mm; sourceTree = "<group>"; };
		073E186A2F835E0400D42B57 /* ConsentManagerTests.swift */ = {isa = PBXFileReference; lastKnownFileType = sourcecode.swift; path = ConsentManagerTests.swift; sourceTree = "<group>"; };
		073E186B2F835E0400D42B57 /* GAPConverterTests.mm */ = {isa = PBXFileReference; lastKnownFileType = sourcecode.cpp.objcpp; path = GAPConverterTests.mm; sourceTree = "<group>"; };
		073E186C2F835E0400D42B57 /* GlobalSettingsTests.swift */ = {isa = PBXFileReference; lastKnownFileType = sourcecode.swift; path = GlobalSettingsTests.swift; sourceTree = "<group>"; };
		073E186D2F835E0400D42B57 /* LoadAdRequestTests.mm */ = {isa = PBXFileReference; lastKnownFileType = sourcecode.cpp.objcpp; path = LoadAdRequestTests.mm; sourceTree = "<group>"; };
		073E186E2F835E0400D42B57 /* MediationNetworkFactoryTests.mm */ = {isa = PBXFileReference; lastKnownFileType = sourcecode.cpp.objcpp; path = MediationNetworkFactoryTests.mm; sourceTree = "<group>"; };
		07787D0C2EDA6C22009B6F5F /* admob_logger.h */ = {isa = PBXFileReference; lastKnownFileType = sourcecode.c.h; path = admob_logger.h; sourceTree = "<group>"; };
		07787D0D2EDA6C22009B6F5F /* admob_logger.m */ = {isa = PBXFileReference; lastKnownFileType = sourcecode.c.objc; path = admob_logger.m; sourceTree = "<group>"; };
		07787D0E2EDA6C22009B6F5F /* gap_converter.h */ = {isa = PBXFileReference; lastKnownFileType = sourcecode.c.h; path = gap_converter.h; sourceTree = "<group>"; };
		07787D0F2EDA6C22009B6F5F /* gap_converter.mm */ = {isa = PBXFileReference; lastKnownFileType = sourcecode.cpp.objcpp; path = gap_converter.mm; sourceTree = "<group>"; };
		07A9A8E82EFD654F00F8335A /* ad_format_base.h */ = {isa = PBXFileReference; lastKnownFileType = sourcecode.c.h; path = ad_format_base.h; sourceTree = "<group>"; };
		07A9A8E92EFD654F00F8335A /* ad_format_base.mm */ = {isa = PBXFileReference; lastKnownFileType = sourcecode.cpp.objcpp; path = ad_format_base.mm; sourceTree = "<group>"; };
		07A9A8EA2EFD654F00F8335A /* app_open.h */ = {isa = PBXFileReference; lastKnownFileType = sourcecode.c.h; path = app_open.h; sourceTree = "<group>"; };
		07A9A8EB2EFD654F00F8335A /* app_open.mm */ = {isa = PBXFileReference; lastKnownFileType = sourcecode.cpp.objcpp; path = app_open.mm; sourceTree = "<group>"; };
		07A9A8EC2EFD654F00F8335A /* banner.h */ = {isa = PBXFileReference; lastKnownFileType = sourcecode.c.h; path = banner.h; sourceTree = "<group>"; };
		07A9A8ED2EFD654F00F8335A /* banner.mm */ = {isa = PBXFileReference; lastKnownFileType = sourcecode.cpp.objcpp; path = banner.mm; sourceTree = "<group>"; };
		07A9A8EE2EFD654F00F8335A /* interstitial.h */ = {isa = PBXFileReference; lastKnownFileType = sourcecode.c.h; path = interstitial.h; sourceTree = "<group>"; };
		07A9A8EF2EFD654F00F8335A /* interstitial.mm */ = {isa = PBXFileReference; lastKnownFileType = sourcecode.cpp.objcpp; path = interstitial.mm; sourceTree = "<group>"; };
		07A9A8F02EFD654F00F8335A /* rewarded.h */ = {isa = PBXFileReference; lastKnownFileType = sourcecode.c.h; path = rewarded.h; sourceTree = "<group>"; };
		07A9A8F12EFD654F00F8335A /* rewarded.mm */ = {isa = PBXFileReference; lastKnownFileType = sourcecode.cpp.objcpp; path = rewarded.mm; sourceTree = "<group>"; };
		07A9A8F22EFD654F00F8335A /* rewarded_interstitial.h */ = {isa = PBXFileReference; lastKnownFileType = sourcecode.c.h; path = rewarded_interstitial.h; sourceTree = "<group>"; };
		07A9A8F32EFD654F00F8335A /* rewarded_interstitial.mm */ = {isa = PBXFileReference; lastKnownFileType = sourcecode.cpp.objcpp; path = rewarded_interstitial.mm; sourceTree = "<group>"; };
		07A9A8F52EFD654F00F8335A /* admob_plugin_bootstrap.h */ = {isa = PBXFileReference; lastKnownFileType = sourcecode.c.h; path = admob_plugin_bootstrap.h; sourceTree = "<group>"; };
		07A9A8F62EFD654F00F8335A /* admob_plugin_bootstrap.mm */ = {isa = PBXFileReference; lastKnownFileType = sourcecode.cpp.objcpp; path = admob_plugin_bootstrap.mm; sourceTree = "<group>"; };
		07A9A8F72EFD654F00F8335A /* applovin_mediation_network.h */ = {isa = PBXFileReference; lastKnownFileType = sourcecode.c.h; path = applovin_mediation_network.h; sourceTree = "<group>"; };
		07A9A8F82EFD654F00F8335A /* applovin_mediation_network.mm */ = {isa = PBXFileReference; lastKnownFileType = sourcecode.cpp.objcpp; path = applovin_mediation_network.mm; sourceTree = "<group>"; };
		07A9A8F92EFD654F00F8335A /* chartboost_mediation_network.h */ = {isa = PBXFileReference; lastKnownFileType = sourcecode.c.h; path = chartboost_mediation_network.h; sourceTree = "<group>"; };
		07A9A8FA2EFD654F00F8335A /* chartboost_mediation_network.mm */ = {isa = PBXFileReference; lastKnownFileType = sourcecode.cpp.objcpp; path = chartboost_mediation_network.mm; sourceTree = "<group>"; };
		07A9A8FB2EFD654F00F8335A /* dtexchange_mediation_network.h */ = {isa = PBXFileReference; lastKnownFileType = sourcecode.c.h; path = dtexchange_mediation_network.h; sourceTree = "<group>"; };
		07A9A8FC2EFD654F00F8335A /* dtexchange_mediation_network.mm */ = {isa = PBXFileReference; lastKnownFileType = sourcecode.cpp.objcpp; path = dtexchange_mediation_network.mm; sourceTree = "<group>"; };
		07A9A8FD2EFD654F00F8335A /* google_mediation_network.h */ = {isa = PBXFileReference; lastKnownFileType = sourcecode.c.h; path = google_mediation_network.h; sourceTree = "<group>"; };
		07A9A8FE2EFD654F00F8335A /* google_mediation_network.mm */ = {isa = PBXFileReference; lastKnownFileType = sourcecode.cpp.objcpp; path = google_mediation_network.mm; sourceTree = "<group>"; };
		07A9A8FF2EFD654F00F8335A /* imobile_mediation_network.h */ = {isa = PBXFileReference; lastKnownFileType = sourcecode.c.h; path = imobile_mediation_network.h; sourceTree = "<group>"; };
		07A9A9002EFD654F00F8335A /* imobile_mediation_network.mm */ = {isa = PBXFileReference; lastKnownFileType = sourcecode.cpp.objcpp; path = imobile_mediation_network.mm; sourceTree = "<group>"; };
		07A9A9012EFD654F00F8335A /* inmobi_mediation_network.h */ = {isa = PBXFileReference; lastKnownFileType = sourcecode.c.h; path = inmobi_mediation_network.h; sourceTree = "<group>"; };
		07A9A9022EFD654F00F8335A /* inmobi_mediation_network.mm */ = {isa = PBXFileReference; lastKnownFileType = sourcecode.cpp.objcpp; path = inmobi_mediation_network.mm; sourceTree = "<group>"; };
		07A9A9032EFD654F00F8335A /* ironsource_mediation_network.h */ = {isa = PBXFileReference; lastKnownFileType = sourcecode.c.h; path = ironsource_mediation_network.h; sourceTree = "<group>"; };
		07A9A9042EFD654F00F8335A /* ironsource_mediation_network.mm */ = {isa = PBXFileReference; lastKnownFileType = sourcecode.cpp.objcpp; path = ironsource_mediation_network.mm; sourceTree = "<group>"; };
		07A9A9052EFD654F00F8335A /* liftoff_mediation_network.h */ = {isa = PBXFileReference; lastKnownFileType = sourcecode.c.h; path = liftoff_mediation_network.h; sourceTree = "<group>"; };
		07A9A9062EFD654F00F8335A /* liftoff_mediation_network.mm */ = {isa = PBXFileReference; lastKnownFileType = sourcecode.cpp.objcpp; path = liftoff_mediation_network.mm; sourceTree = "<group>"; };
		07A9A9072EFD654F00F8335A /* line_mediation_network.h */ = {isa = PBXFileReference; lastKnownFileType = sourcecode.c.h; path = line_mediation_network.h; sourceTree = "<group>"; };
		07A9A9082EFD654F00F8335A /* line_mediation_network.mm */ = {isa = PBXFileReference; lastKnownFileType = sourcecode.cpp.objcpp; path = line_mediation_network.mm; sourceTree = "<group>"; };
		07A9A9092EFD654F00F8335A /* maio_mediation_network.h */ = {isa = PBXFileReference; lastKnownFileType = sourcecode.c.h; path = maio_mediation_network.h; sourceTree = "<group>"; };
		07A9A90A2EFD654F00F8335A /* maio_mediation_network.mm */ = {isa = PBXFileReference; lastKnownFileType = sourcecode.cpp.objcpp; path = maio_mediation_network.mm; sourceTree = "<group>"; };
		07A9A90B2EFD654F00F8335A /* mediation_network.h */ = {isa = PBXFileReference; lastKnownFileType = sourcecode.c.h; path = mediation_network.h; sourceTree = "<group>"; };
		07A9A90C2EFD654F00F8335A /* mediation_network.mm */ = {isa = PBXFileReference; lastKnownFileType = sourcecode.cpp.objcpp; path = mediation_network.mm; sourceTree = "<group>"; };
		07A9A90D2EFD654F00F8335A /* mediation_network_factory.h */ = {isa = PBXFileReference; lastKnownFileType = sourcecode.c.h; path = mediation_network_factory.h; sourceTree = "<group>"; };
		07A9A90E2EFD654F00F8335A /* mediation_network_factory.mm */ = {isa = PBXFileReference; lastKnownFileType = sourcecode.cpp.objcpp; path = mediation_network_factory.mm; sourceTree = "<group>"; };
		07A9A90F2EFD654F00F8335A /* meta_mediation_network.h */ = {isa = PBXFileReference; lastKnownFileType = sourcecode.c.h; path = meta_mediation_network.h; sourceTree = "<group>"; };
		07A9A9102EFD654F00F8335A /* meta_mediation_network.mm */ = {isa = PBXFileReference; lastKnownFileType = sourcecode.cpp.objcpp; path = meta_mediation_network.mm; sourceTree = "<group>"; };
		07A9A9112EFD654F00F8335A /* mintegral_mediation_network.h */ = {isa = PBXFileReference; lastKnownFileType = sourcecode.c.h; path = mintegral_mediation_network.h; sourceTree = "<group>"; };
		07A9A9122EFD654F00F8335A /* mintegral_mediation_network.mm */ = {isa = PBXFileReference; lastKnownFileType = sourcecode.cpp.objcpp; path = mintegral_mediation_network.mm; sourceTree = "<group>"; };
		07A9A9132EFD654F00F8335A /* moloco_mediation_network.h */ = {isa = PBXFileReference; lastKnownFileType = sourcecode.c.h; path = moloco_mediation_network.h; sourceTree = "<group>"; };
		07A9A9142EFD654F00F8335A /* moloco_mediation_network.mm */ = {isa = PBXFileReference; lastKnownFileType = sourcecode.cpp.objcpp; path = moloco_mediation_network.mm; sourceTree = "<group>"; };
		07A9A9152EFD654F00F8335A /* mytarget_mediation_network.h */ = {isa = PBXFileReference; lastKnownFileType = sourcecode.c.h; path = mytarget_mediation_network.h; sourceTree = "<group>"; };
		07A9A9162EFD654F00F8335A /* mytarget_mediation_network.mm */ = {isa = PBXFileReference; lastKnownFileType = sourcecode.cpp.objcpp; path = mytarget_mediation_network.mm; sourceTree = "<group>"; };
		07A9A9172EFD654F00F8335A /* pangle_mediation_network.h */ = {isa = PBXFileReference; lastKnownFileType = sourcecode.c.h; path = pangle_mediation_network.h; sourceTree = "<group>"; };
		07A9A9182EFD654F00F8335A /* pangle_mediation_network.mm */ = {isa = PBXFileReference; lastKnownFileType = sourcecode.cpp.objcpp; path = pangle_mediation_network.mm; sourceTree = "<group>"; };
		07A9A9192EFD654F00F8335A /* privacy_settings.h */ = {isa = PBXFileReference; lastKnownFileType = sourcecode.c.h; path = privacy_settings.h; sourceTree = "<group>"; };
		07A9A91A2EFD654F00F8335A /* privacy_settings.mm */ = {isa = PBXFileReference; lastKnownFileType = sourcecode.cpp.objcpp; path = privacy_settings.mm; sourceTree = "<group>"; };
		07A9A91B2EFD654F00F8335A /* unity_mediation_network.h */ = {isa = PBXFileReference; lastKnownFileType = sourcecode.c.h; path = unity_mediation_network.h; sourceTree = "<group>"; };
		07A9A91C2EFD654F00F8335A /* unity_mediation_network.mm */ = {isa = PBXFileReference; lastKnownFileType = sourcecode.cpp.objcpp; path = unity_mediation_network.mm; sourceTree = "<group>"; };
		07A9A91E2EFD654F00F8335A /* ad_position.h */ = {isa = PBXFileReference; lastKnownFileType = sourcecode.c.h; path = ad_position.h; sourceTree = "<group>"; };
		07A9A91F2EFD654F00F8335A /* admob_ad_error.h */ = {isa = PBXFileReference; lastKnownFileType = sourcecode.c.h; path = admob_ad_error.h; sourceTree = "<group>"; };
		07A9A9202EFD654F00F8335A /* admob_ad_error.mm */ = {isa = PBXFileReference; lastKnownFileType = sourcecode.cpp.objcpp; path = admob_ad_error.mm; sourceTree = "<group>"; };
		07A9A9212EFD654F00F8335A /* admob_ad_info.h */ = {isa = PBXFileReference; lastKnownFileType = sourcecode.c.h; path = admob_ad_info.h; sourceTree = "<group>"; };
		07A9A9222EFD654F00F8335A /* admob_ad_info.mm */ = {isa = PBXFileReference; lastKnownFileType = sourcecode.cpp.objcpp; path = admob_ad_info.mm; sourceTree = "<group>"; };
		07A9A9232EFD654F00F8335A /* admob_ad_size.h */ = {isa = PBXFileReference; lastKnownFileType = sourcecode.c.h; path = admob_ad_size.h; sourceTree = "<group>"; };
		07A9A9242EFD654F00F8335A /* admob_ad_size.mm */ = {isa = PBXFileReference; lastKnownFileType = sourcecode.cpp.objcpp; path = admob_ad_size.mm; sourceTree = "<group>"; };
		07A9A9252EFD654F00F8335A /* admob_adapter_response.h */ = {isa = PBXFileReference; lastKnownFileType = sourcecode.c.h; path = admob_adapter_response.h; sourceTree = "<group>"; };
		07A9A9262EFD654F00F8335A /* admob_adapter_response.mm */ = {isa = PBXFileReference; lastKnownFileType = sourcecode.cpp.objcpp; path = admob_adapter_response.mm; sourceTree = "<group>"; };
		07A9A9272EFD654F00F8335A /* admob_config.h */ = {isa = PBXFileReference; lastKnownFileType = sourcecode.c.h; path = admob_config.h; sourceTree = "<group>"; };
		07A9A9282EFD654F00F8335A /* admob_config.mm */ = {isa = PBXFileReference; lastKnownFileType = sourcecode.cpp.objcpp; path = admob_config.mm; sourceTree = "<group>"; };
		07A9A9292EFD654F00F8335A /* admob_load_ad_error.h */ = {isa = PBXFileReference; lastKnownFileType = sourcecode.c.h; path = admob_load_ad_error.h; sourceTree = "<group>"; };
		07A9A92A2EFD654F00F8335A /* admob_load_ad_error.mm */ = {isa = PBXFileReference; lastKnownFileType = sourcecode.cpp.objcpp; path = admob_load_ad_error.mm; sourceTree = "<group>"; };
		07A9A92B2EFD654F00F8335A /* admob_response.h */ = {isa = PBXFileReference; lastKnownFileType = sourcecode.c.h; path = admob_response.h; sourceTree = "<group>"; };
		07A9A92C2EFD654F00F8335A /* admob_response.mm */ = {isa = PBXFileReference; lastKnownFileType = sourcecode.cpp.objcpp; path = admob_response.mm; sourceTree = "<group>"; };
		07A9A92D2EFD654F00F8335A /* admob_status.h */ = {isa = PBXFileReference; lastKnownFileType = sourcecode.c.h; path = admob_status.h; sourceTree = "<group>"; };
		07A9A92E2EFD654F00F8335A /* admob_status.mm */ = {isa = PBXFileReference; lastKnownFileType = sourcecode.cpp.objcpp; path = admob_status.mm; sourceTree = "<group>"; };
		07A9A92F2EFD654F00F8335A /* load_ad_request.h */ = {isa = PBXFileReference; lastKnownFileType = sourcecode.c.h; path = load_ad_request.h; sourceTree = "<group>"; };
		07A9A9302EFD654F00F8335A /* load_ad_request.mm */ = {isa = PBXFileReference; lastKnownFileType = sourcecode.cpp.objcpp; path = load_ad_request.mm; sourceTree = "<group>"; };
		07AF2A1F2EDE9CFC008A870E /* ConsentManager.swift */ = {isa = PBXFileReference; lastKnownFileType = sourcecode.swift; path = ConsentManager.swift; sourceTree = "<group>"; };
		07B12A6D2F23A3710098B81A /* GlobalSettings.swift */ = {isa = PBXFileReference; lastKnownFileType = sourcecode.swift; path = GlobalSettings.swift; sourceTree = "<group>"; };
		07CC05FB2F23B744004D4A22 /* ad_settings_wrapper.h */ = {isa = PBXFileReference; lastKnownFileType = sourcecode.c.h; path = ad_settings_wrapper.h; sourceTree = "<group>"; };
		07CC05FC2F23B744004D4A22 /* ad_settings_wrapper.mm */ = {isa = PBXFileReference; lastKnownFileType = sourcecode.cpp.objcpp; path = ad_settings_wrapper.mm; sourceTree = "<group>"; };
		07CC05FD2F23B744004D4A22 /* AdSettings.swift */ = {isa = PBXFileReference; lastKnownFileType = sourcecode.swift; path = AdSettings.swift; sourceTree = "<group>"; };
		07CF4DFD2F2DBB670034A858 /* AdmobNativeAd.swift */ = {isa = PBXFileReference; lastKnownFileType = sourcecode.swift; path = AdmobNativeAd.swift; sourceTree = "<group>"; };
		07CF4DFF2F2DBB850034A858 /* native_ad_bridge.h */ = {isa = PBXFileReference; lastKnownFileType = sourcecode.c.h; path = native_ad_bridge.h; sourceTree = "<group>"; };
		07CF4E002F2DBB850034A858 /* native_ad_bridge.mm */ = {isa = PBXFileReference; lastKnownFileType = sourcecode.cpp.objcpp; path = native_ad_bridge.mm; sourceTree = "<group>"; };
		90CAAA9424E71FF10013969F /* libadmob_plugin.a */ = {isa = PBXFileReference; explicitFileType = archive.ar; includeInIndex = 0; path = libadmob_plugin.a; sourceTree = BUILT_PRODUCTS_DIR; };
		90CAAA9724E71FF10013969F /* admob_plugin.h */ = {isa = PBXFileReference; lastKnownFileType = sourcecode.c.h; path = admob_plugin.h; sourceTree = "<group>"; };
		90CAAA9824E71FF10013969F /* admob_plugin.mm */ = {isa = PBXFileReference; lastKnownFileType = sourcecode.cpp.objcpp; path = admob_plugin.mm; sourceTree = "<group>"; };
/* End PBXFileReference section */

/* Begin PBXFrameworksBuildPhase section */
		0721C69B2F82629000A9BA75 /* Frameworks */ = {
			isa = PBXFrameworksBuildPhase;
			buildActionMask = 2147483647;
			files = (
				0721C6C32F8263C300A9BA75 /* GoogleMobileAds in Frameworks */,
				0721C6C12F82639B00A9BA75 /* XCTest.framework in Frameworks */,
				0721C6A22F82629000A9BA75 /* libadmob_plugin.a in Frameworks */,
			);
			runOnlyForDeploymentPostprocessing = 0;
		};
		90CAAA9124E71FF10013969F /* Frameworks */ = {
			isa = PBXFrameworksBuildPhase;
			buildActionMask = 2147483647;
			files = (
				0721C6992F82623F00A9BA75 /* GoogleMobileAds in Frameworks */,
			);
			runOnlyForDeploymentPostprocessing = 0;
		};
/* End PBXFrameworksBuildPhase section */

/* Begin PBXGroup section */
		073E18652F835E0400D42B57 /* fixtures */ = {
			isa = PBXGroup;
			children = (
				073E18632F835E0400D42B57 /* AdmobTestFixtures.h */,
				073E18642F835E0400D42B57 /* AdmobTestFixtures.mm */,
			);
			path = fixtures;
			sourceTree = "<group>";
		};
		073E186F2F835E0400D42B57 /* unit */ = {
			isa = PBXGroup;
			children = (
				073E18662F835E0400D42B57 /* AdmobAdSizeTests.mm */,
				073E18672F835E0400D42B57 /* AdmobConfigTests.mm */,
				073E18682F835E0400D42B57 /* AdmobStatusTests.mm */,
				073E18692F835E0400D42B57 /* AdSettingsWrapperTests.mm */,
				073E186A2F835E0400D42B57 /* ConsentManagerTests.swift */,
				073E186B2F835E0400D42B57 /* GAPConverterTests.mm */,
				073E186C2F835E0400D42B57 /* GlobalSettingsTests.swift */,
				073E186D2F835E0400D42B57 /* LoadAdRequestTests.mm */,
				073E186E2F835E0400D42B57 /* MediationNetworkFactoryTests.mm */,
			);
			path = unit;
			sourceTree = "<group>";
		};
		073E18702F835E0400D42B57 /* test */ = {
			isa = PBXGroup;
			children = (
				073E18652F835E0400D42B57 /* fixtures */,
				073E186F2F835E0400D42B57 /* unit */,
			);
			path = test;
			sourceTree = "<group>";
		};
		07A9A8F42EFD654F00F8335A /* adformat */ = {
			isa = PBXGroup;
			children = (
				07CF4DFD2F2DBB670034A858 /* AdmobNativeAd.swift */,
				07A9A8E82EFD654F00F8335A /* ad_format_base.h */,
				07A9A8E92EFD654F00F8335A /* ad_format_base.mm */,
				07A9A8EA2EFD654F00F8335A /* app_open.h */,
				07A9A8EB2EFD654F00F8335A /* app_open.mm */,
				07A9A8EC2EFD654F00F8335A /* banner.h */,
				07A9A8ED2EFD654F00F8335A /* banner.mm */,
				07A9A8EE2EFD654F00F8335A /* interstitial.h */,
				07A9A8EF2EFD654F00F8335A /* interstitial.mm */,
				07A9A8F02EFD654F00F8335A /* rewarded.h */,
				07A9A8F12EFD654F00F8335A /* rewarded.mm */,
				07A9A8F22EFD654F00F8335A /* rewarded_interstitial.h */,
				07A9A8F32EFD654F00F8335A /* rewarded_interstitial.mm */,
			);
			path = adformat;
			sourceTree = "<group>";
		};
		07A9A91D2EFD654F00F8335A /* mediation */ = {
			isa = PBXGroup;
			children = (
				07A9A8F72EFD654F00F8335A /* applovin_mediation_network.h */,
				07A9A8F82EFD654F00F8335A /* applovin_mediation_network.mm */,
				07A9A8F92EFD654F00F8335A /* chartboost_mediation_network.h */,
				07A9A8FA2EFD654F00F8335A /* chartboost_mediation_network.mm */,
				07A9A8FB2EFD654F00F8335A /* dtexchange_mediation_network.h */,
				07A9A8FC2EFD654F00F8335A /* dtexchange_mediation_network.mm */,
				07A9A8FD2EFD654F00F8335A /* google_mediation_network.h */,
				07A9A8FE2EFD654F00F8335A /* google_mediation_network.mm */,
				07A9A8FF2EFD654F00F8335A /* imobile_mediation_network.h */,
				07A9A9002EFD654F00F8335A /* imobile_mediation_network.mm */,
				07A9A9012EFD654F00F8335A /* inmobi_mediation_network.h */,
				07A9A9022EFD654F00F8335A /* inmobi_mediation_network.mm */,
				07A9A9032EFD654F00F8335A /* ironsource_mediation_network.h */,
				07A9A9042EFD654F00F8335A /* ironsource_mediation_network.mm */,
				07A9A9052EFD654F00F8335A /* liftoff_mediation_network.h */,
				07A9A9062EFD654F00F8335A /* liftoff_mediation_network.mm */,
				07A9A9072EFD654F00F8335A /* line_mediation_network.h */,
				07A9A9082EFD654F00F8335A /* line_mediation_network.mm */,
				07A9A9092EFD654F00F8335A /* maio_mediation_network.h */,
				07A9A90A2EFD654F00F8335A /* maio_mediation_network.mm */,
				07A9A90B2EFD654F00F8335A /* mediation_network.h */,
				07A9A90C2EFD654F00F8335A /* mediation_network.mm */,
				07A9A90D2EFD654F00F8335A /* mediation_network_factory.h */,
				07A9A90E2EFD654F00F8335A /* mediation_network_factory.mm */,
				07A9A90F2EFD654F00F8335A /* meta_mediation_network.h */,
				07A9A9102EFD654F00F8335A /* meta_mediation_network.mm */,
				07A9A9112EFD654F00F8335A /* mintegral_mediation_network.h */,
				07A9A9122EFD654F00F8335A /* mintegral_mediation_network.mm */,
				07A9A9132EFD654F00F8335A /* moloco_mediation_network.h */,
				07A9A9142EFD654F00F8335A /* moloco_mediation_network.mm */,
				07A9A9152EFD654F00F8335A /* mytarget_mediation_network.h */,
				07A9A9162EFD654F00F8335A /* mytarget_mediation_network.mm */,
				07A9A9172EFD654F00F8335A /* pangle_mediation_network.h */,
				07A9A9182EFD654F00F8335A /* pangle_mediation_network.mm */,
				07A9A9192EFD654F00F8335A /* privacy_settings.h */,
				07A9A91A2EFD654F00F8335A /* privacy_settings.mm */,
				07A9A91B2EFD654F00F8335A /* unity_mediation_network.h */,
				07A9A91C2EFD654F00F8335A /* unity_mediation_network.mm */,
			);
			path = mediation;
			sourceTree = "<group>";
		};
		07A9A9312EFD654F00F8335A /* model */ = {
			isa = PBXGroup;
			children = (
				07CC05FB2F23B744004D4A22 /* ad_settings_wrapper.h */,
				07CC05FC2F23B744004D4A22 /* ad_settings_wrapper.mm */,
				07CC05FD2F23B744004D4A22 /* AdSettings.swift */,
				07A9A91E2EFD654F00F8335A /* ad_position.h */,
				07A9A91F2EFD654F00F8335A /* admob_ad_error.h */,
				07A9A9202EFD654F00F8335A /* admob_ad_error.mm */,
				07A9A9212EFD654F00F8335A /* admob_ad_info.h */,
				07A9A9222EFD654F00F8335A /* admob_ad_info.mm */,
				07A9A9232EFD654F00F8335A /* admob_ad_size.h */,
				07A9A9242EFD654F00F8335A /* admob_ad_size.mm */,
				07A9A9252EFD654F00F8335A /* admob_adapter_response.h */,
				07A9A9262EFD654F00F8335A /* admob_adapter_response.mm */,
				07A9A9272EFD654F00F8335A /* admob_config.h */,
				07A9A9282EFD654F00F8335A /* admob_config.mm */,
				07A9A9292EFD654F00F8335A /* admob_load_ad_error.h */,
				07A9A92A2EFD654F00F8335A /* admob_load_ad_error.mm */,
				07A9A92B2EFD654F00F8335A /* admob_response.h */,
				07A9A92C2EFD654F00F8335A /* admob_response.mm */,
				07A9A92D2EFD654F00F8335A /* admob_status.h */,
				07A9A92E2EFD654F00F8335A /* admob_status.mm */,
				07A9A92F2EFD654F00F8335A /* load_ad_request.h */,
				07A9A9302EFD654F00F8335A /* load_ad_request.mm */,
			);
			path = model;
			sourceTree = "<group>";
		};
		90CAAA8B24E71FF10013969F = {
			isa = PBXGroup;
			children = (
				073E18702F835E0400D42B57 /* test */,
				90CAAA9624E71FF10013969F /* src */,
				90CAAA9524E71FF10013969F /* Products */,
				90CAAAA824E72A8A0013969F /* Frameworks */,
			);
			sourceTree = "<group>";
		};
		90CAAA9524E71FF10013969F /* Products */ = {
			isa = PBXGroup;
			children = (
				90CAAA9424E71FF10013969F /* libadmob_plugin.a */,
				0721C69E2F82629000A9BA75 /* admob_plugin_tests.xctest */,
			);
			name = Products;
			sourceTree = "<group>";
		};
		90CAAA9624E71FF10013969F /* src */ = {
			isa = PBXGroup;
			children = (
				07A9A8F42EFD654F00F8335A /* adformat */,
				07A9A91D2EFD654F00F8335A /* mediation */,
				07A9A9312EFD654F00F8335A /* model */,
				07787D0C2EDA6C22009B6F5F /* admob_logger.h */,
				07787D0D2EDA6C22009B6F5F /* admob_logger.m */,
				073B52C32ECF241C0063663B /* admob_plugin-Bridging-Header.h */,
				90CAAA9724E71FF10013969F /* admob_plugin.h */,
				90CAAA9824E71FF10013969F /* admob_plugin.mm */,
				07A9A8F52EFD654F00F8335A /* admob_plugin_bootstrap.h */,
				07A9A8F62EFD654F00F8335A /* admob_plugin_bootstrap.mm */,
				07AF2A1F2EDE9CFC008A870E /* ConsentManager.swift */,
				07B12A6D2F23A3710098B81A /* GlobalSettings.swift */,
				07787D0E2EDA6C22009B6F5F /* gap_converter.h */,
				07787D0F2EDA6C22009B6F5F /* gap_converter.mm */,
				07CF4DFF2F2DBB850034A858 /* native_ad_bridge.h */,
				07CF4E002F2DBB850034A858 /* native_ad_bridge.mm */,
			);
			path = src;
			sourceTree = "<group>";
		};
		90CAAAA824E72A8A0013969F /* Frameworks */ = {
			isa = PBXGroup;
			children = (
				0721C6C02F82639B00A9BA75 /* XCTest.framework */,
			);
			name = Frameworks;
			sourceTree = "<group>";
		};
/* End PBXGroup section */

/* Begin PBXNativeTarget section */
		0721C69D2F82629000A9BA75 /* admob_plugin_tests */ = {
			isa = PBXNativeTarget;
			buildConfigurationList = 0721C6A72F82629000A9BA75 /* Build configuration list for PBXNativeTarget "admob_plugin_tests" */;
			buildPhases = (
				0721C69A2F82629000A9BA75 /* Sources */,
				0721C69B2F82629000A9BA75 /* Frameworks */,
				0721C69C2F82629000A9BA75 /* Resources */,
			);
			buildRules = (
			);
			dependencies = (
			);
			name = admob_plugin_tests;
			packageProductDependencies = (
				0721C6C22F8263C300A9BA75 /* GoogleMobileAds */,
			);
			productName = admob_plugin_tests;
			productReference = 0721C69E2F82629000A9BA75 /* admob_plugin_tests.xctest */;
			productType = "com.apple.product-type.bundle.unit-test";
		};
		90CAAA9324E71FF10013969F /* admob_plugin */ = {
			isa = PBXNativeTarget;
			buildConfigurationList = 90CAAA9D24E71FF10013969F /* Build configuration list for PBXNativeTarget "admob_plugin" */;
			buildPhases = (
				90CAAA9024E71FF10013969F /* Sources */,
				90CAAA9124E71FF10013969F /* Frameworks */,
				90CAAA9224E71FF10013969F /* CopyFiles */,
			);
			buildRules = (
			);
			dependencies = (
			);
			name = admob_plugin;
			packageProductDependencies = (
				83E3E131FA04D8177E4E41D1 /* GoogleMobileAds */,
			);
			productName = admob_plugin;
			productReference = 90CAAA9424E71FF10013969F /* libadmob_plugin.a */;
			productType = "com.apple.product-type.library.static";
		};
/* End PBXNativeTarget section */

/* Begin PBXProject section */
		90CAAA8C24E71FF10013969F /* Project object */ = {
			isa = PBXProject;
			attributes = {
				BuildIndependentTargetsInParallel = YES;
				LastSwiftUpdateCheck = 2600;
				LastUpgradeCheck = 2600;
				ORGANIZATIONNAME = Godot;
				TargetAttributes = {
					0721C69D2F82629000A9BA75 = {
						CreatedOnToolsVersion = 26.0;
					};
					90CAAA9324E71FF10013969F = {
						CreatedOnToolsVersion = 11.6;
						LastSwiftMigration = 1230;
					};
				};
			};
			buildConfigurationList = 90CAAA8F24E71FF10013969F /* Build configuration list for PBXProject "plugin" */;
			compatibilityVersion = "Xcode 9.3";
			developmentRegion = en;
			hasScannedForEncodings = 0;
			knownRegions = (
				en,
				Base,
			);
			mainGroup = 90CAAA8B24E71FF10013969F;
			packageReferences = (
				66BC1B7F84DCA496E305B184 /* XCRemoteSwiftPackageReference "swift-package-manager-google-mobile-ads" */,
			);
			productRefGroup = 90CAAA9524E71FF10013969F /* Products */;
			projectDirPath = "";
			projectRoot = "";
			targets = (
				90CAAA9324E71FF10013969F /* admob_plugin */,
				0721C69D2F82629000A9BA75 /* admob_plugin_tests */,
			);
		};
/* End PBXProject section */

/* Begin PBXResourcesBuildPhase section */
		0721C69C2F82629000A9BA75 /* Resources */ = {
			isa = PBXResourcesBuildPhase;
			buildActionMask = 2147483647;
			files = (
			);
			runOnlyForDeploymentPostprocessing = 0;
		};
/* End PBXResourcesBuildPhase section */

/* Begin PBXSourcesBuildPhase section */
		0721C69A2F82629000A9BA75 /* Sources */ = {
			isa = PBXSourcesBuildPhase;
			buildActionMask = 2147483647;
			files = (
				073E18712F835E0400D42B57 /* MediationNetworkFactoryTests.mm in Sources */,
				073E18722F835E0400D42B57 /* GlobalSettingsTests.swift in Sources */,
				073E18732F835E0400D42B57 /* LoadAdRequestTests.mm in Sources */,
				073E18742F835E0400D42B57 /* AdmobAdSizeTests.mm in Sources */,
				073E18752F835E0400D42B57 /* AdmobTestFixtures.mm in Sources */,
				073E18762F835E0400D42B57 /* GAPConverterTests.mm in Sources */,
				073E18772F835E0400D42B57 /* AdmobStatusTests.mm in Sources */,
				073E18782F835E0400D42B57 /* AdmobConfigTests.mm in Sources */,
				073E18792F835E0400D42B57 /* AdSettingsWrapperTests.mm in Sources */,
				073E187A2F835E0400D42B57 /* ConsentManagerTests.swift in Sources */,
			);
			runOnlyForDeploymentPostprocessing = 0;
		};
		90CAAA9024E71FF10013969F /* Sources */ = {
			isa = PBXSourcesBuildPhase;
			buildActionMask = 2147483647;
			files = (
				07787D512EDA6C22009B6F5F /* gap_converter.mm in Sources */,
				07787D592EDA6C22009B6F5F /* admob_logger.m in Sources */,
				07A9A9322EFD654F00F8335A /* admob_status.mm in Sources */,
				07A9A9332EFD654F00F8335A /* admob_adapter_response.mm in Sources */,
				07A9A9342EFD654F00F8335A /* chartboost_mediation_network.mm in Sources */,
				07A9A9352EFD654F00F8335A /* dtexchange_mediation_network.mm in Sources */,
				07A9A9362EFD654F00F8335A /* mediation_network_factory.mm in Sources */,
				07A9A9372EFD654F00F8335A /* google_mediation_network.mm in Sources */,
				07A9A9382EFD654F00F8335A /* load_ad_request.mm in Sources */,
				07A9A9392EFD654F00F8335A /* line_mediation_network.mm in Sources */,
				07CC05FE2F23B744004D4A22 /* ad_settings_wrapper.mm in Sources */,
				07CC05FF2F23B744004D4A22 /* AdSettings.swift in Sources */,
				07A9A93A2EFD654F00F8335A /* inmobi_mediation_network.mm in Sources */,
				07A9A93B2EFD654F00F8335A /* admob_plugin_bootstrap.mm in Sources */,
				07A9A93C2EFD654F00F8335A /* imobile_mediation_network.mm in Sources */,
				07A9A93D2EFD654F00F8335A /* banner.mm in Sources */,
				07CF4DFE2F2DBB670034A858 /* AdmobNativeAd.swift in Sources */,
				07A9A93E2EFD654F00F8335A /* admob_ad_error.mm in Sources */,
				07A9A93F2EFD654F00F8335A /* admob_response.mm in Sources */,
				07A9A9402EFD654F00F8335A /* ironsource_mediation_network.mm in Sources */,
				07A9A9412EFD654F00F8335A /* moloco_mediation_network.mm in Sources */,
				07A9A9422EFD654F00F8335A /* maio_mediation_network.mm in Sources */,
				07A9A9432EFD654F00F8335A /* meta_mediation_network.mm in Sources */,
				07A9A9442EFD654F00F8335A /* mytarget_mediation_network.mm in Sources */,
				07A9A9452EFD654F00F8335A /* applovin_mediation_network.mm in Sources */,
				07A9A9462EFD654F00F8335A /* admob_config.mm in Sources */,
				07A9A9472EFD654F00F8335A /* privacy_settings.mm in Sources */,
				07A9A9482EFD654F00F8335A /* admob_ad_size.mm in Sources */,
				07A9A9492EFD654F00F8335A /* pangle_mediation_network.mm in Sources */,
				07A9A94A2EFD654F00F8335A /* ad_format_base.mm in Sources */,
				07A9A94B2EFD654F00F8335A /* admob_load_ad_error.mm in Sources */,
				07A9A94C2EFD654F00F8335A /* unity_mediation_network.mm in Sources */,
				07A9A94D2EFD654F00F8335A /* app_open.mm in Sources */,
				07A9A94E2EFD654F00F8335A /* rewarded_interstitial.mm in Sources */,
				07CF4E012F2DBB850034A858 /* native_ad_bridge.mm in Sources */,
				07A9A94F2EFD654F00F8335A /* interstitial.mm in Sources */,
				07A9A9502EFD654F00F8335A /* mintegral_mediation_network.mm in Sources */,
				07B12A6E2F23A3710098B81A /* GlobalSettings.swift in Sources */,
				07A9A9512EFD654F00F8335A /* rewarded.mm in Sources */,
				07A9A9522EFD654F00F8335A /* liftoff_mediation_network.mm in Sources */,
				07A9A9532EFD654F00F8335A /* admob_ad_info.mm in Sources */,
				07A9A9542EFD654F00F8335A /* mediation_network.mm in Sources */,
				07AF2A202EDE9CFC008A870E /* ConsentManager.swift in Sources */,
				90CAAA9924E71FF10013969F /* admob_plugin.mm in Sources */,
			);
			runOnlyForDeploymentPostprocessing = 0;
		};
/* End PBXSourcesBuildPhase section */

/* Begin XCBuildConfiguration section */
		0721C6A52F82629000A9BA75 /* Debug */ = {
			isa = XCBuildConfiguration;
			buildSettings = {
				ASSETCATALOG_COMPILER_GENERATE_SWIFT_ASSET_SYMBOL_EXTENSIONS = YES;
				CLANG_ALLOW_NON_MODULAR_INCLUDES_IN_FRAMEWORK_MODULES = YES;
				CLANG_CXX_LANGUAGE_STANDARD = "gnu++17";
				CLANG_ENABLE_MODULES = YES;
				CLANG_WARN_QUOTED_INCLUDE_IN_FRAMEWORK_HEADER = YES;
				CODE_SIGN_STYLE = Automatic;
				CURRENT_PROJECT_VERSION = 1;
				DEVELOPMENT_TEAM = UC9RM2H3ML;
				ENABLE_USER_SCRIPT_SANDBOXING = YES;
				GCC_C_LANGUAGE_STANDARD = gnu17;
				GENERATE_INFOPLIST_FILE = YES;
				GODOT_DIR = "$(SRCROOT)/godot";
				HEADER_SEARCH_PATHS = (
					"$(inherited)",
					"$(CONFIGURATION_TEMP_DIR)/admob_plugin.build/DerivedSources",
					"$(SRCROOT)/test/fixtures",
					"$(SRCROOT)/src",
					"$(SRCROOT)/src/adformat",
					"$(SRCROOT)/src/mediation",
					"$(SRCROOT)/src/model",
				);
				IPHONEOS_DEPLOYMENT_TARGET = 14.3;
				LD_RUNPATH_SEARCH_PATHS = (
					"$(inherited)",
					"@executable_path/Frameworks",
					"@loader_path/Frameworks",
				);
				LIBRARY_SEARCH_PATHS = (
					"$(inherited)",
					"$(GODOT_DIR)/bin",
				);
				LOCALIZATION_PREFERS_STRING_CATALOGS = YES;
				MARKETING_VERSION = 1.0;
				OTHER_CFLAGS = (
					"-g",
					"-DDEBUG",
					"-DDEBUG_ENABLED",
					"-DDEBUG_MEMORY_ALLOC",
					"-DDISABLE_FORCED_INLINE",
					"-DTYPED_METHOD_BIND",
					"-fmodules",
					"-fobjc-arc",
					"-fmessage-length=0",
					"-fno-strict-aliasing",
					"-fdiagnostics-print-source-range-info",
					"-fdiagnostics-show-category=id",
					"-fdiagnostics-parseable-fixits",
					"-fpascal-strings",
					"-fblocks",
					"-fvisibility=hidden",
					"-MMD",
					"-fno-exceptions",
					"-Wno-ambiguous-macro",
					"-Wall",
					"-Werror=return-type",
					"-DPTRCALL_ENABLED",
				);
				OTHER_CPLUSPLUSFLAGS = (
					"-fcxx-modules",
					"-gdwarf-2",
					"-O0",
					"-DDEBUG_MEMORY_ALLOC",
					"-DDISABLE_FORCED_INLINE",
					"-D_DEBUG",
					"-DDEBUG=1",
					"-DDEBUG_ENABLED",
					"-DVERSION_4_0",
					"-DIOS_ENABLED",
					"-DNEED_LONG_INT",
					"-DLIBYUV_DISABLE_NEON",
					"-DIPHONE_ENABLED",
					"-DUNIX_ENABLED",
					"-DCOREAUDIO_ENABLED",
					"-DAPPLE_EMBEDDED_ENABLED",
					"-isystem",
					"$(GODOT_DIR)",
					"-isystem",
					"$(GODOT_DIR)/drivers/apple_embedded",
					"-isystem",
					"$(GODOT_DIR)/platform/ios",
				);
				OTHER_LDFLAGS = (
					"$(inherited)",
					"-undefined",
					dynamic_lookup,
					"$(GODOT_DIR)/bin/libgodot.ios.template_debug.$(CURRENT_ARCH).simulator.a",
				);
				PRODUCT_BUNDLE_IDENTIFIER = "org.godotengine.plugin.admob-unit-tests";
				PRODUCT_NAME = "$(TARGET_NAME)";
				STRING_CATALOG_GENERATE_SYMBOLS = NO;
				SWIFT_ACTIVE_COMPILATION_CONDITIONS = "DEBUG $(inherited)";
				SWIFT_APPROACHABLE_CONCURRENCY = YES;
				SWIFT_EMIT_LOC_STRINGS = NO;
				SWIFT_OPTIMIZATION_LEVEL = "-Onone";
				SWIFT_UPCOMING_FEATURE_MEMBER_IMPORT_VISIBILITY = YES;
				SWIFT_VERSION = 5.9;
				TARGETED_DEVICE_FAMILY = "1,2";
			};
			name = Debug;
		};
		0721C6A62F82629000A9BA75 /* Release */ = {
			isa = XCBuildConfiguration;
			buildSettings = {
				ASSETCATALOG_COMPILER_GENERATE_SWIFT_ASSET_SYMBOL_EXTENSIONS = YES;
				CLANG_ALLOW_NON_MODULAR_INCLUDES_IN_FRAMEWORK_MODULES = YES;
				CLANG_CXX_LANGUAGE_STANDARD = "gnu++17";
				CLANG_ENABLE_MODULES = YES;
				CLANG_WARN_QUOTED_INCLUDE_IN_FRAMEWORK_HEADER = YES;
				CODE_SIGN_STYLE = Automatic;
				CURRENT_PROJECT_VERSION = 1;
				DEVELOPMENT_TEAM = UC9RM2H3ML;
				ENABLE_USER_SCRIPT_SANDBOXING = YES;
				GCC_C_LANGUAGE_STANDARD = gnu17;
				GENERATE_INFOPLIST_FILE = YES;
				GODOT_DIR = "$(SRCROOT)/godot";
				HEADER_SEARCH_PATHS = (
					"$(inherited)",
					"$(CONFIGURATION_TEMP_DIR)/admob_plugin.build/DerivedSources",
					"$(SRCROOT)/test/fixtures",
					"$(SRCROOT)/src",
					"$(SRCROOT)/src/adformat",
					"$(SRCROOT)/src/mediation",
					"$(SRCROOT)/src/model",
				);
				IPHONEOS_DEPLOYMENT_TARGET = 14.3;
				LD_RUNPATH_SEARCH_PATHS = (
					"$(inherited)",
					"@executable_path/Frameworks",
					"@loader_path/Frameworks",
				);
				LIBRARY_SEARCH_PATHS = (
					"$(inherited)",
					"$(GODOT_DIR)/bin",
				);
				LOCALIZATION_PREFERS_STRING_CATALOGS = YES;
				MARKETING_VERSION = 1.0;
				OTHER_CFLAGS = (
					"-fmodules",
					"-fobjc-arc",
					"-fmessage-length=0",
					"-fno-strict-aliasing",
					"-fdiagnostics-print-source-range-info",
					"-fdiagnostics-show-category=id",
					"-fdiagnostics-parseable-fixits",
					"-fpascal-strings",
					"-fblocks",
					"-fvisibility=hidden",
					"-MMD",
					"-fno-exceptions",
					"-Wno-ambiguous-macro",
					"-Wall",
					"-Werror=return-type",
					"-DPTRCALL_ENABLED",
				);
				OTHER_CPLUSPLUSFLAGS = (
					"-fcxx-modules",
					"-O2",
					"-ftree-vectorize",
					"-DNDEBUG",
					"-DNS_BLOCK_ASSERTIONS=1",
					"-DVERSION_4_0",
					"-DIOS_ENABLED",
					"-DNEED_LONG_INT",
					"-DLIBYUV_DISABLE_NEON",
					"-DIPHONE_ENABLED",
					"-DUNIX_ENABLED",
					"-DCOREAUDIO_ENABLED",
					"-DAPPLE_EMBEDDED_ENABLED",
					"-isystem",
					"$(GODOT_DIR)",
					"-isystem",
					"$(GODOT_DIR)/drivers/apple_embedded",
					"-isystem",
					"$(GODOT_DIR)/platform/ios",
				);
				OTHER_LDFLAGS = (
					"$(inherited)",
					"-undefined",
					dynamic_lookup,
					"$(GODOT_DIR)/bin/libgodot.ios.template_debug.$(CURRENT_ARCH).simulator.a",
				);
				PRODUCT_BUNDLE_IDENTIFIER = "org.godotengine.plugin.admob-unit-tests";
				PRODUCT_NAME = "$(TARGET_NAME)";
				STRING_CATALOG_GENERATE_SYMBOLS = NO;
				SWIFT_APPROACHABLE_CONCURRENCY = YES;
				SWIFT_COMPILATION_MODE = wholemodule;
				SWIFT_EMIT_LOC_STRINGS = NO;
				SWIFT_UPCOMING_FEATURE_MEMBER_IMPORT_VISIBILITY = YES;
				SWIFT_VERSION = 5.9;
				TARGETED_DEVICE_FAMILY = "1,2";
			};
			name = Release;
		};
		90CAAA9B24E71FF10013969F /* Debug */ = {
			isa = XCBuildConfiguration;
			buildSettings = {
				ALWAYS_SEARCH_USER_PATHS = NO;
				CLANG_ANALYZER_NONNULL = YES;
				CLANG_ANALYZER_NUMBER_OBJECT_CONVERSION = YES_AGGRESSIVE;
				CLANG_CXX_LANGUAGE_STANDARD = "gnu++17";
				CLANG_CXX_LIBRARY = "libc++";
				CLANG_ENABLE_MODULES = YES;
				CLANG_ENABLE_OBJC_ARC = YES;
				CLANG_ENABLE_OBJC_WEAK = YES;
				CLANG_WARN_BLOCK_CAPTURE_AUTORELEASING = YES;
				CLANG_WARN_BOOL_CONVERSION = YES;
				CLANG_WARN_COMMA = YES;
				CLANG_WARN_CONSTANT_CONVERSION = YES;
				CLANG_WARN_DEPRECATED_OBJC_IMPLEMENTATIONS = YES;
				CLANG_WARN_DIRECT_OBJC_ISA_USAGE = YES_ERROR;
				CLANG_WARN_DOCUMENTATION_COMMENTS = YES;
				CLANG_WARN_EMPTY_BODY = YES;
				CLANG_WARN_ENUM_CONVERSION = YES;
				CLANG_WARN_INFINITE_RECURSION = YES;
				CLANG_WARN_INT_CONVERSION = YES;
				CLANG_WARN_NON_LITERAL_NULL_CONVERSION = YES;
				CLANG_WARN_OBJC_IMPLICIT_RETAIN_SELF = YES;
				CLANG_WARN_OBJC_LITERAL_CONVERSION = YES;
				CLANG_WARN_OBJC_ROOT_CLASS = YES_ERROR;
				CLANG_WARN_QUOTED_INCLUDE_IN_FRAMEWORK_HEADER = YES;
				CLANG_WARN_RANGE_LOOP_ANALYSIS = YES;
				CLANG_WARN_STRICT_PROTOTYPES = YES;
				CLANG_WARN_SUSPICIOUS_MOVE = YES;
				CLANG_WARN_UNGUARDED_AVAILABILITY = YES_AGGRESSIVE;
				CLANG_WARN_UNREACHABLE_CODE = YES;
				CLANG_WARN__DUPLICATE_METHOD_MATCH = YES;
				COPY_PHASE_STRIP = NO;
				DEBUG_INFORMATION_FORMAT = dwarf;
				DEFINES_MODULE = YES;
				ENABLE_STRICT_OBJC_MSGSEND = YES;
				ENABLE_TESTABILITY = YES;
				GCC_C_LANGUAGE_STANDARD = gnu11;
				GCC_DYNAMIC_NO_PIC = NO;
				GCC_NO_COMMON_BLOCKS = YES;
				GCC_OPTIMIZATION_LEVEL = 0;
				GCC_PREPROCESSOR_DEFINITIONS = (
					"DEBUG=1",
					"$(inherited)",
				);
				GCC_WARN_64_TO_32_BIT_CONVERSION = YES;
				GCC_WARN_ABOUT_RETURN_TYPE = YES_ERROR;
				GCC_WARN_UNDECLARED_SELECTOR = YES;
				GCC_WARN_UNINITIALIZED_AUTOS = YES_AGGRESSIVE;
				GCC_WARN_UNUSED_FUNCTION = YES;
				GCC_WARN_UNUSED_VARIABLE = YES;
				IPHONEOS_DEPLOYMENT_TARGET = 14.3;
				MTL_ENABLE_DEBUG_INFO = INCLUDE_SOURCE;
				MTL_FAST_MATH = YES;
				ONLY_ACTIVE_ARCH = YES;
				SDKROOT = iphoneos;
			};
			name = Debug;
		};
		90CAAA9C24E71FF10013969F /* Release */ = {
			isa = XCBuildConfiguration;
			buildSettings = {
				ALWAYS_SEARCH_USER_PATHS = NO;
				CLANG_ANALYZER_NONNULL = YES;
				CLANG_ANALYZER_NUMBER_OBJECT_CONVERSION = YES_AGGRESSIVE;
				CLANG_CXX_LANGUAGE_STANDARD = "gnu++17";
				CLANG_CXX_LIBRARY = "libc++";
				CLANG_ENABLE_MODULES = YES;
				CLANG_ENABLE_OBJC_ARC = YES;
				CLANG_ENABLE_OBJC_WEAK = YES;
				CLANG_WARN_BLOCK_CAPTURE_AUTORELEASING = YES;
				CLANG_WARN_BOOL_CONVERSION = YES;
				CLANG_WARN_COMMA = YES;
				CLANG_WARN_CONSTANT_CONVERSION = YES;
				CLANG_WARN_DEPRECATED_OBJC_IMPLEMENTATIONS = YES;
				CLANG_WARN_DIRECT_OBJC_ISA_USAGE = YES_ERROR;
				CLANG_WARN_DOCUMENTATION_COMMENTS = YES;
				CLANG_WARN_EMPTY_BODY = YES;
				CLANG_WARN_ENUM_CONVERSION = YES;
				CLANG_WARN_INFINITE_RECURSION = YES;
				CLANG_WARN_INT_CONVERSION = YES;
				CLANG_WARN_NON_LITERAL_NULL_CONVERSION = YES;
				CLANG_WARN_OBJC_IMPLICIT_RETAIN_SELF = YES;
				CLANG_WARN_OBJC_LITERAL_CONVERSION = YES;
				CLANG_WARN_OBJC_ROOT_CLASS = YES_ERROR;
				CLANG_WARN_QUOTED_INCLUDE_IN_FRAMEWORK_HEADER = YES;
				CLANG_WARN_RANGE_LOOP_ANALYSIS = YES;
				CLANG_WARN_STRICT_PROTOTYPES = YES;
				CLANG_WARN_SUSPICIOUS_MOVE = YES;
				CLANG_WARN_UNGUARDED_AVAILABILITY = YES_AGGRESSIVE;
				CLANG_WARN_UNREACHABLE_CODE = YES;
				CLANG_WARN__DUPLICATE_METHOD_MATCH = YES;
				COPY_PHASE_STRIP = NO;
				DEBUG_INFORMATION_FORMAT = "dwarf-with-dsym";
				DEFINES_MODULE = YES;
				ENABLE_NS_ASSERTIONS = NO;
				ENABLE_STRICT_OBJC_MSGSEND = YES;
				GCC_C_LANGUAGE_STANDARD = gnu11;
				GCC_NO_COMMON_BLOCKS = YES;
				GCC_WARN_64_TO_32_BIT_CONVERSION = YES;
				GCC_WARN_ABOUT_RETURN_TYPE = YES_ERROR;
				GCC_WARN_UNDECLARED_SELECTOR = YES;
				GCC_WARN_UNINITIALIZED_AUTOS = YES_AGGRESSIVE;
				GCC_WARN_UNUSED_FUNCTION = YES;
				GCC_WARN_UNUSED_VARIABLE = YES;
				IPHONEOS_DEPLOYMENT_TARGET = 14.3;
				MTL_ENABLE_DEBUG_INFO = NO;
				MTL_FAST_MATH = YES;
				SDKROOT = iphoneos;
				SWIFT_COMPILATION_MODE = wholemodule;
				VALIDATE_PRODUCT = YES;
			};
			name = Release;
		};
		90CAAA9E24E71FF10013969F /* Debug */ = {
			isa = XCBuildConfiguration;
			buildSettings = {
				CODE_SIGN_STYLE = Automatic;
				DEFINES_MODULE = YES;
				ENABLE_MODULE_VERIFIER = YES;
				GODOT_DIR = "$(SRCROOT)/godot";
				HEADER_SEARCH_PATHS = (
					"$(inherited)",
					"$(SRCROOT)/src",
					"$(SRCROOT)/src/adformat",
					"$(SRCROOT)/src/mediation",
					"$(SRCROOT)/src/model",
				);
				IPHONEOS_DEPLOYMENT_TARGET = 14.3;
				LD_RUNPATH_SEARCH_PATHS = (
					"$(inherited)",
					"@executable_path/Frameworks",
					"@loader_path/Frameworks",
				);
				LIBRARY_SEARCH_PATHS = (
					"$(inherited)",
					"$(GODOT_DIR)/bin",
				);
				MODULE_VERIFIER_SUPPORTED_LANGUAGE_STANDARDS = "gnu11 gnu++17";
				ONLY_ACTIVE_ARCH = YES;
				OTHER_CFLAGS = (
					"-g",
					"-DDEBUG",
					"-DDEBUG_ENABLED",
					"-DDEBUG_MEMORY_ALLOC",
					"-DDISABLE_FORCED_INLINE",
					"-DTYPED_METHOD_BIND",
					"-fmodules",
					"-fobjc-arc",
					"-fmessage-length=0",
					"-fno-strict-aliasing",
					"-fdiagnostics-print-source-range-info",
					"-fdiagnostics-show-category=id",
					"-fdiagnostics-parseable-fixits",
					"-fpascal-strings",
					"-fblocks",
					"-fvisibility=hidden",
					"-MMD",
					"-fno-exceptions",
					"-Wno-ambiguous-macro",
					"-Wall",
					"-Werror=return-type",
					"-DPTRCALL_ENABLED",
				);
				OTHER_CPLUSPLUSFLAGS = (
					"-fcxx-modules",
					"-gdwarf-2",
					"-O0",
					"-DDEBUG_MEMORY_ALLOC",
					"-DDISABLE_FORCED_INLINE",
					"-D_DEBUG",
					"-DDEBUG=1",
					"-DDEBUG_ENABLED",
					"-DVERSION_4_0",
					"-DIOS_ENABLED",
					"-DNEED_LONG_INT",
					"-DLIBYUV_DISABLE_NEON",
					"-DIPHONE_ENABLED",
					"-DUNIX_ENABLED",
					"-DCOREAUDIO_ENABLED",
					"-DAPPLE_EMBEDDED_ENABLED",
					"-isystem",
					"$(GODOT_DIR)",
					"-isystem",
					"$(GODOT_DIR)/drivers/apple_embedded",
					"-isystem",
					"$(GODOT_DIR)/platform/ios",
				);
				OTHER_LDFLAGS = "$(inherited)";
				PRODUCT_MODULE_NAME = admob_plugin;
				PRODUCT_NAME = "$(TARGET_NAME)";
				SKIP_INSTALL = YES;
				SWIFT_OBJC_BRIDGING_HEADER = "src/admob_plugin-Bridging-Header.h";
				SWIFT_OBJC_INTERFACE_HEADER_NAME = "admob_plugin-Swift.h";
				SWIFT_OPTIMIZATION_LEVEL = "-Onone";
				SWIFT_VERSION = 5.9;
				TARGETED_DEVICE_FAMILY = "1,2";
			};
			name = Debug;
		};
		90CAAA9F24E71FF10013969F /* Release */ = {
			isa = XCBuildConfiguration;
			buildSettings = {
				CODE_SIGN_STYLE = Automatic;
				DEFINES_MODULE = YES;
				ENABLE_MODULE_VERIFIER = YES;
				GODOT_DIR = "$(SRCROOT)/godot";
				HEADER_SEARCH_PATHS = (
					"$(inherited)",
					"$(SRCROOT)/src",
					"$(SRCROOT)/src/adformat",
					"$(SRCROOT)/src/mediation",
					"$(SRCROOT)/src/model",
				);
				IPHONEOS_DEPLOYMENT_TARGET = 14.3;
				LD_RUNPATH_SEARCH_PATHS = (
					"$(inherited)",
					"@executable_path/Frameworks",
					"@loader_path/Frameworks",
				);
				LIBRARY_SEARCH_PATHS = (
					"$(inherited)",
					"$(GODOT_DIR)/bin",
				);
				MODULE_VERIFIER_SUPPORTED_LANGUAGE_STANDARDS = "gnu11 gnu++17";
				ONLY_ACTIVE_ARCH = YES;
				OTHER_CFLAGS = (
					"-fmodules",
					"-fobjc-arc",
					"-fmessage-length=0",
					"-fno-strict-aliasing",
					"-fdiagnostics-print-source-range-info",
					"-fdiagnostics-show-category=id",
					"-fdiagnostics-parseable-fixits",
					"-fpascal-strings",
					"-fblocks",
					"-fvisibility=hidden",
					"-MMD",
					"-fno-exceptions",
					"-Wno-ambiguous-macro",
					"-Wall",
					"-Werror=return-type",
					"-DPTRCALL_ENABLED",
				);
				OTHER_CPLUSPLUSFLAGS = (
					"-fcxx-modules",
					"-O2",
					"-ftree-vectorize",
					"-DNDEBUG",
					"-DNS_BLOCK_ASSERTIONS=1",
					"-DVERSION_4_0",
					"-DIOS_ENABLED",
					"-DNEED_LONG_INT",
					"-DLIBYUV_DISABLE_NEON",
					"-DIPHONE_ENABLED",
					"-DUNIX_ENABLED",
					"-DCOREAUDIO_ENABLED",
					"-DAPPLE_EMBEDDED_ENABLED",
					"-isystem",
					"$(GODOT_DIR)",
					"-isystem",
					"$(GODOT_DIR)/drivers/apple_embedded",
					"-isystem",
					"$(GODOT_DIR)/platform/ios",
				);
				OTHER_LDFLAGS = "$(inherited)";
				PRODUCT_MODULE_NAME = admob_plugin;
				PRODUCT_NAME = "$(TARGET_NAME)";
				SKIP_INSTALL = YES;
				SWIFT_OBJC_BRIDGING_HEADER = "src/admob_plugin-Bridging-Header.h";
				SWIFT_OBJC_INTERFACE_HEADER_NAME = "admob_plugin-Swift.h";
				SWIFT_VERSION = 5.9;
				TARGETED_DEVICE_FAMILY = "1,2";
			};
			name = Release;
		};
/* End XCBuildConfiguration section */

/* Begin XCConfigurationList section */
		0721C6A72F82629000A9BA75 /* Build configuration list for PBXNativeTarget "admob_plugin_tests" */ = {
			isa = XCConfigurationList;
			buildConfigurations = (
				0721C6A52F82629000A9BA75 /* Debug */,
				0721C6A62F82629000A9BA75 /* Release */,
			);
			defaultConfigurationIsVisible = 0;
			defaultConfigurationName = Release;
		};
		90CAAA8F24E71FF10013969F /* Build configuration list for PBXProject "plugin" */ = {
			isa = XCConfigurationList;
			buildConfigurations = (
				90CAAA9B24E71FF10013969F /* Debug */,
				90CAAA9C24E71FF10013969F /* Release */,
			);
			defaultConfigurationIsVisible = 0;
			defaultConfigurationName = Release;
		};
		90CAAA9D24E71FF10013969F /* Build configuration list for PBXNativeTarget "admob_plugin" */ = {
			isa = XCConfigurationList;
			buildConfigurations = (
				90CAAA9E24E71FF10013969F /* Debug */,
				90CAAA9F24E71FF10013969F /* Release */,
			);
			defaultConfigurationIsVisible = 0;
			defaultConfigurationName = Release;
		};
/* End XCConfigurationList section */

/* Begin XCRemoteSwiftPackageReference section */
		66BC1B7F84DCA496E305B184 /* XCRemoteSwiftPackageReference "swift-package-manager-google-mobile-ads" */ = {
			isa = XCRemoteSwiftPackageReference;
			repositoryURL = "https://github.com/googleads/swift-package-manager-google-mobile-ads.git";
			requirement = {
				kind = upToNextMajorVersion;
				minimumVersion = 12.14.0;
			};
		};
/* End XCRemoteSwiftPackageReference section */

/* Begin XCSwiftPackageProductDependency section */
		0721C6C22F8263C300A9BA75 /* GoogleMobileAds */ = {
			isa = XCSwiftPackageProductDependency;
			package = 66BC1B7F84DCA496E305B184 /* XCRemoteSwiftPackageReference "swift-package-manager-google-mobile-ads" */;
			productName = GoogleMobileAds;
		};
		83E3E131FA04D8177E4E41D1 /* GoogleMobileAds */ = {
			isa = XCSwiftPackageProductDependency;
			package = 66BC1B7F84DCA496E305B184 /* XCRemoteSwiftPackageReference "swift-package-manager-google-mobile-ads" */;
			productName = GoogleMobileAds;
		};
/* End XCSwiftPackageProductDependency section */
	};
	rootObject = 90CAAA8C24E71FF10013969F /* Project object */;
}
