// !$*UTF8*$!
{
	archiveVersion = 1;
	classes = {
	};
	objectVersion = 50;
	objects = {

/* Begin PBXBuildFile section */
		07696F9E2EDD61D3000C21B2 /* admob_ad_size.mm in Sources */ = {isa = PBXBuildFile; fileRef = 07696F9D2EDD61D2000C21B2 /* admob_ad_size.mm */; };
		07787D452EDA6C22009B6F5F /* unity_mediation_network.mm in Sources */ = {isa = PBXBuildFile; fileRef = 07787D352EDA6C22009B6F5F /* unity_mediation_network.mm */; };
		07787D462EDA6C22009B6F5F /* app_open.mm in Sources */ = {isa = PBXBuildFile; fileRef = 07787D022EDA6C22009B6F5F /* app_open.mm */; };
		07787D472EDA6C22009B6F5F /* ad_format_base.mm in Sources */ = {isa = PBXBuildFile; fileRef = 07787D002EDA6C22009B6F5F /* ad_format_base.mm */; };
		07787D482EDA6C22009B6F5F /* maio_mediation_network.mm in Sources */ = {isa = PBXBuildFile; fileRef = 07787D232EDA6C22009B6F5F /* maio_mediation_network.mm */; };
		07787D492EDA6C22009B6F5F /* imobile_mediation_network.mm in Sources */ = {isa = PBXBuildFile; fileRef = 07787D192EDA6C22009B6F5F /* imobile_mediation_network.mm */; };
		07787D4A2EDA6C22009B6F5F /* rewarded_interstitial.mm in Sources */ = {isa = PBXBuildFile; fileRef = 07787D0A2EDA6C22009B6F5F /* rewarded_interstitial.mm */; };
		07787D4B2EDA6C22009B6F5F /* mediation_network.mm in Sources */ = {isa = PBXBuildFile; fileRef = 07787D252EDA6C22009B6F5F /* mediation_network.mm */; };
		07787D4C2EDA6C22009B6F5F /* banner.mm in Sources */ = {isa = PBXBuildFile; fileRef = 07787D042EDA6C22009B6F5F /* banner.mm */; };
		07787D4D2EDA6C22009B6F5F /* pangle_mediation_network.mm in Sources */ = {isa = PBXBuildFile; fileRef = 07787D312EDA6C22009B6F5F /* pangle_mediation_network.mm */; };
		07787D4E2EDA6C22009B6F5F /* admob_status.mm in Sources */ = {isa = PBXBuildFile; fileRef = 07787D3F2EDA6C22009B6F5F /* admob_status.mm */; };
		07787D4F2EDA6C22009B6F5F /* ump_orientation_wrapper.m in Sources */ = {isa = PBXBuildFile; fileRef = 07787D442EDA6C22009B6F5F /* ump_orientation_wrapper.m */; };
		07787D502EDA6C22009B6F5F /* interstitial.mm in Sources */ = {isa = PBXBuildFile; fileRef = 07787D062EDA6C22009B6F5F /* interstitial.mm */; };
		07787D512EDA6C22009B6F5F /* gap_converter.mm in Sources */ = {isa = PBXBuildFile; fileRef = 07787D0F2EDA6C22009B6F5F /* gap_converter.mm */; };
		07787D522EDA6C22009B6F5F /* ironsource_mediation_network.mm in Sources */ = {isa = PBXBuildFile; fileRef = 07787D1D2EDA6C22009B6F5F /* ironsource_mediation_network.mm */; };
		07787D532EDA6C22009B6F5F /* mediation_network_factory.mm in Sources */ = {isa = PBXBuildFile; fileRef = 07787D272EDA6C22009B6F5F /* mediation_network_factory.mm */; };
		07787D542EDA6C22009B6F5F /* inmobi_mediation_network.mm in Sources */ = {isa = PBXBuildFile; fileRef = 07787D1B2EDA6C22009B6F5F /* inmobi_mediation_network.mm */; };
		07787D552EDA6C22009B6F5F /* mintegral_mediation_network.mm in Sources */ = {isa = PBXBuildFile; fileRef = 07787D2B2EDA6C22009B6F5F /* mintegral_mediation_network.mm */; };
		07787D562EDA6C22009B6F5F /* load_ad_request.mm in Sources */ = {isa = PBXBuildFile; fileRef = 07787D412EDA6C22009B6F5F /* load_ad_request.mm */; };
		07787D572EDA6C22009B6F5F /* meta_mediation_network.mm in Sources */ = {isa = PBXBuildFile; fileRef = 07787D292EDA6C22009B6F5F /* meta_mediation_network.mm */; };
		07787D582EDA6C22009B6F5F /* liftoff_mediation_network.mm in Sources */ = {isa = PBXBuildFile; fileRef = 07787D1F2EDA6C22009B6F5F /* liftoff_mediation_network.mm */; };
		07787D592EDA6C22009B6F5F /* admob_logger.m in Sources */ = {isa = PBXBuildFile; fileRef = 07787D0D2EDA6C22009B6F5F /* admob_logger.m */; };
		07787D5A2EDA6C22009B6F5F /* dtexchange_mediation_network.mm in Sources */ = {isa = PBXBuildFile; fileRef = 07787D152EDA6C22009B6F5F /* dtexchange_mediation_network.mm */; };
		07787D5B2EDA6C22009B6F5F /* google_mediation_network.mm in Sources */ = {isa = PBXBuildFile; fileRef = 07787D172EDA6C22009B6F5F /* google_mediation_network.mm */; };
		07787D5C2EDA6C22009B6F5F /* applovin_mediation_network.mm in Sources */ = {isa = PBXBuildFile; fileRef = 07787D112EDA6C22009B6F5F /* applovin_mediation_network.mm */; };
		07787D5D2EDA6C22009B6F5F /* admob_config.mm in Sources */ = {isa = PBXBuildFile; fileRef = 07787D3B2EDA6C22009B6F5F /* admob_config.mm */; };
		07787D5E2EDA6C22009B6F5F /* rewarded.mm in Sources */ = {isa = PBXBuildFile; fileRef = 07787D082EDA6C22009B6F5F /* rewarded.mm */; };
		07787D5F2EDA6C22009B6F5F /* privacy_settings.mm in Sources */ = {isa = PBXBuildFile; fileRef = 07787D332EDA6C22009B6F5F /* privacy_settings.mm */; };
		07787D602EDA6C22009B6F5F /* line_mediation_network.mm in Sources */ = {isa = PBXBuildFile; fileRef = 07787D212EDA6C22009B6F5F /* line_mediation_network.mm */; };
		07787D612EDA6C22009B6F5F /* admob_adapter_response.mm in Sources */ = {isa = PBXBuildFile; fileRef = 07787D392EDA6C22009B6F5F /* admob_adapter_response.mm */; };
		07787D622EDA6C22009B6F5F /* mytarget_mediation_network.mm in Sources */ = {isa = PBXBuildFile; fileRef = 07787D2F2EDA6C22009B6F5F /* mytarget_mediation_network.mm */; };
		07787D632EDA6C22009B6F5F /* chartboost_mediation_network.mm in Sources */ = {isa = PBXBuildFile; fileRef = 07787D132EDA6C22009B6F5F /* chartboost_mediation_network.mm */; };
		07787D642EDA6C22009B6F5F /* moloco_mediation_network.mm in Sources */ = {isa = PBXBuildFile; fileRef = 07787D2D2EDA6C22009B6F5F /* moloco_mediation_network.mm */; };
		07787D652EDA6C22009B6F5F /* admob_response.mm in Sources */ = {isa = PBXBuildFile; fileRef = 07787D3D2EDA6C22009B6F5F /* admob_response.mm */; };
		078073332EDC1C5E00A6FF87 /* admob_ad_error.mm in Sources */ = {isa = PBXBuildFile; fileRef = 078073302EDC1C5E00A6FF87 /* admob_ad_error.mm */; };
		078073342EDC1C5E00A6FF87 /* admob_load_ad_error.mm in Sources */ = {isa = PBXBuildFile; fileRef = 078073322EDC1C5E00A6FF87 /* admob_load_ad_error.mm */; };
		90CAAA9924E71FF10013969F /* admob_plugin.mm in Sources */ = {isa = PBXBuildFile; fileRef = 90CAAA9824E71FF10013969F /* admob_plugin.mm */; };
		90CAAAA424E724C50013969F /* admob_plugin_implementation.mm in Sources */ = {isa = PBXBuildFile; fileRef = 90CAAAA324E724C50013969F /* admob_plugin_implementation.mm */; };
		94A1B0B2910D06DA0F4D3D3C /* Pods_admob_plugin.framework in Frameworks */ = {isa = PBXBuildFile; fileRef = 380C444E6383B0C8ACA7CA7D /* Pods_admob_plugin.framework */; };
/* End PBXBuildFile section */

/* Begin PBXCopyFilesBuildPhase section */
		90CAAA9224E71FF10013969F /* CopyFiles */ = {
			isa = PBXCopyFilesBuildPhase;
			buildActionMask = 2147483647;
			dstPath = "include/$(PRODUCT_NAME)";
			dstSubfolderSpec = 16;
			files = (
			);
			runOnlyForDeploymentPostprocessing = 0;
		};
/* End PBXCopyFilesBuildPhase section */

/* Begin PBXFileReference section */
		073B52C32ECF241C0063663B /* admob_plugin-Bridging-Header.h */ = {isa = PBXFileReference; lastKnownFileType = sourcecode.c.h; path = "admob_plugin-Bridging-Header.h"; sourceTree = "<group>"; };
		07696F9C2EDD61D2000C21B2 /* admob_ad_size.h */ = {isa = PBXFileReference; lastKnownFileType = sourcecode.c.h; path = admob_ad_size.h; sourceTree = "<group>"; };
		07696F9D2EDD61D2000C21B2 /* admob_ad_size.mm */ = {isa = PBXFileReference; lastKnownFileType = sourcecode.cpp.objcpp; path = admob_ad_size.mm; sourceTree = "<group>"; };
		07787CFF2EDA6C22009B6F5F /* ad_format_base.h */ = {isa = PBXFileReference; lastKnownFileType = sourcecode.c.h; path = ad_format_base.h; sourceTree = "<group>"; };
		07787D002EDA6C22009B6F5F /* ad_format_base.mm */ = {isa = PBXFileReference; lastKnownFileType = sourcecode.cpp.objcpp; path = ad_format_base.mm; sourceTree = "<group>"; };
		07787D012EDA6C22009B6F5F /* app_open.h */ = {isa = PBXFileReference; lastKnownFileType = sourcecode.c.h; path = app_open.h; sourceTree = "<group>"; };
		07787D022EDA6C22009B6F5F /* app_open.mm */ = {isa = PBXFileReference; lastKnownFileType = sourcecode.cpp.objcpp; path = app_open.mm; sourceTree = "<group>"; };
		07787D032EDA6C22009B6F5F /* banner.h */ = {isa = PBXFileReference; lastKnownFileType = sourcecode.c.h; path = banner.h; sourceTree = "<group>"; };
		07787D042EDA6C22009B6F5F /* banner.mm */ = {isa = PBXFileReference; lastKnownFileType = sourcecode.cpp.objcpp; path = banner.mm; sourceTree = "<group>"; };
		07787D052EDA6C22009B6F5F /* interstitial.h */ = {isa = PBXFileReference; lastKnownFileType = sourcecode.c.h; path = interstitial.h; sourceTree = "<group>"; };
		07787D062EDA6C22009B6F5F /* interstitial.mm */ = {isa = PBXFileReference; lastKnownFileType = sourcecode.cpp.objcpp; path = interstitial.mm; sourceTree = "<group>"; };
		07787D072EDA6C22009B6F5F /* rewarded.h */ = {isa = PBXFileReference; lastKnownFileType = sourcecode.c.h; path = rewarded.h; sourceTree = "<group>"; };
		07787D082EDA6C22009B6F5F /* rewarded.mm */ = {isa = PBXFileReference; lastKnownFileType = sourcecode.cpp.objcpp; path = rewarded.mm; sourceTree = "<group>"; };
		07787D092EDA6C22009B6F5F /* rewarded_interstitial.h */ = {isa = PBXFileReference; lastKnownFileType = sourcecode.c.h; path = rewarded_interstitial.h; sourceTree = "<group>"; };
		07787D0A2EDA6C22009B6F5F /* rewarded_interstitial.mm */ = {isa = PBXFileReference; lastKnownFileType = sourcecode.cpp.objcpp; path = rewarded_interstitial.mm; sourceTree = "<group>"; };
		07787D0C2EDA6C22009B6F5F /* admob_logger.h */ = {isa = PBXFileReference; lastKnownFileType = sourcecode.c.h; path = admob_logger.h; sourceTree = "<group>"; };
		07787D0D2EDA6C22009B6F5F /* admob_logger.m */ = {isa = PBXFileReference; lastKnownFileType = sourcecode.c.objc; path = admob_logger.m; sourceTree = "<group>"; };
		07787D0E2EDA6C22009B6F5F /* gap_converter.h */ = {isa = PBXFileReference; lastKnownFileType = sourcecode.c.h; path = gap_converter.h; sourceTree = "<group>"; };
		07787D0F2EDA6C22009B6F5F /* gap_converter.mm */ = {isa = PBXFileReference; lastKnownFileType = sourcecode.cpp.objcpp; path = gap_converter.mm; sourceTree = "<group>"; };
		07787D102EDA6C22009B6F5F /* applovin_mediation_network.h */ = {isa = PBXFileReference; lastKnownFileType = sourcecode.c.h; path = applovin_mediation_network.h; sourceTree = "<group>"; };
		07787D112EDA6C22009B6F5F /* applovin_mediation_network.mm */ = {isa = PBXFileReference; lastKnownFileType = sourcecode.cpp.objcpp; path = applovin_mediation_network.mm; sourceTree = "<group>"; };
		07787D122EDA6C22009B6F5F /* chartboost_mediation_network.h */ = {isa = PBXFileReference; lastKnownFileType = sourcecode.c.h; path = chartboost_mediation_network.h; sourceTree = "<group>"; };
		07787D132EDA6C22009B6F5F /* chartboost_mediation_network.mm */ = {isa = PBXFileReference; lastKnownFileType = sourcecode.cpp.objcpp; path = chartboost_mediation_network.mm; sourceTree = "<group>"; };
		07787D142EDA6C22009B6F5F /* dtexchange_mediation_network.h */ = {isa = PBXFileReference; lastKnownFileType = sourcecode.c.h; path = dtexchange_mediation_network.h; sourceTree = "<group>"; };
		07787D152EDA6C22009B6F5F /* dtexchange_mediation_network.mm */ = {isa = PBXFileReference; lastKnownFileType = sourcecode.cpp.objcpp; path = dtexchange_mediation_network.mm; sourceTree = "<group>"; };
		07787D162EDA6C22009B6F5F /* google_mediation_network.h */ = {isa = PBXFileReference; lastKnownFileType = sourcecode.c.h; path = google_mediation_network.h; sourceTree = "<group>"; };
		07787D172EDA6C22009B6F5F /* google_mediation_network.mm */ = {isa = PBXFileReference; lastKnownFileType = sourcecode.cpp.objcpp; path = google_mediation_network.mm; sourceTree = "<group>"; };
		07787D182EDA6C22009B6F5F /* imobile_mediation_network.h */ = {isa = PBXFileReference; lastKnownFileType = sourcecode.c.h; path = imobile_mediation_network.h; sourceTree = "<group>"; };
		07787D192EDA6C22009B6F5F /* imobile_mediation_network.mm */ = {isa = PBXFileReference; lastKnownFileType = sourcecode.cpp.objcpp; path = imobile_mediation_network.mm; sourceTree = "<group>"; };
		07787D1A2EDA6C22009B6F5F /* inmobi_mediation_network.h */ = {isa = PBXFileReference; lastKnownFileType = sourcecode.c.h; path = inmobi_mediation_network.h; sourceTree = "<group>"; };
		07787D1B2EDA6C22009B6F5F /* inmobi_mediation_network.mm */ = {isa = PBXFileReference; lastKnownFileType = sourcecode.cpp.objcpp; path = inmobi_mediation_network.mm; sourceTree = "<group>"; };
		07787D1C2EDA6C22009B6F5F /* ironsource_mediation_network.h */ = {isa = PBXFileReference; lastKnownFileType = sourcecode.c.h; path = ironsource_mediation_network.h; sourceTree = "<group>"; };
		07787D1D2EDA6C22009B6F5F /* ironsource_mediation_network.mm */ = {isa = PBXFileReference; lastKnownFileType = sourcecode.cpp.objcpp; path = ironsource_mediation_network.mm; sourceTree = "<group>"; };
		07787D1E2EDA6C22009B6F5F /* liftoff_mediation_network.h */ = {isa = PBXFileReference; lastKnownFileType = sourcecode.c.h; path = liftoff_mediation_network.h; sourceTree = "<group>"; };
		07787D1F2EDA6C22009B6F5F /* liftoff_mediation_network.mm */ = {isa = PBXFileReference; lastKnownFileType = sourcecode.cpp.objcpp; path = liftoff_mediation_network.mm; sourceTree = "<group>"; };
		07787D202EDA6C22009B6F5F /* line_mediation_network.h */ = {isa = PBXFileReference; lastKnownFileType = sourcecode.c.h; path = line_mediation_network.h; sourceTree = "<group>"; };
		07787D212EDA6C22009B6F5F /* line_mediation_network.mm */ = {isa = PBXFileReference; lastKnownFileType = sourcecode.cpp.objcpp; path = line_mediation_network.mm; sourceTree = "<group>"; };
		07787D222EDA6C22009B6F5F /* maio_mediation_network.h */ = {isa = PBXFileReference; lastKnownFileType = sourcecode.c.h; path = maio_mediation_network.h; sourceTree = "<group>"; };
		07787D232EDA6C22009B6F5F /* maio_mediation_network.mm */ = {isa = PBXFileReference; lastKnownFileType = sourcecode.cpp.objcpp; path = maio_mediation_network.mm; sourceTree = "<group>"; };
		07787D242EDA6C22009B6F5F /* mediation_network.h */ = {isa = PBXFileReference; lastKnownFileType = sourcecode.c.h; path = mediation_network.h; sourceTree = "<group>"; };
		07787D252EDA6C22009B6F5F /* mediation_network.mm */ = {isa = PBXFileReference; lastKnownFileType = sourcecode.cpp.objcpp; path = mediation_network.mm; sourceTree = "<group>"; };
		07787D262EDA6C22009B6F5F /* mediation_network_factory.h */ = {isa = PBXFileReference; lastKnownFileType = sourcecode.c.h; path = mediation_network_factory.h; sourceTree = "<group>"; };
		07787D272EDA6C22009B6F5F /* mediation_network_factory.mm */ = {isa = PBXFileReference; lastKnownFileType = sourcecode.cpp.objcpp; path = mediation_network_factory.mm; sourceTree = "<group>"; };
		07787D282EDA6C22009B6F5F /* meta_mediation_network.h */ = {isa = PBXFileReference; lastKnownFileType = sourcecode.c.h; path = meta_mediation_network.h; sourceTree = "<group>"; };
		07787D292EDA6C22009B6F5F /* meta_mediation_network.mm */ = {isa = PBXFileReference; lastKnownFileType = sourcecode.cpp.objcpp; path = meta_mediation_network.mm; sourceTree = "<group>"; };
		07787D2A2EDA6C22009B6F5F /* mintegral_mediation_network.h */ = {isa = PBXFileReference; lastKnownFileType = sourcecode.c.h; path = mintegral_mediation_network.h; sourceTree = "<group>"; };
		07787D2B2EDA6C22009B6F5F /* mintegral_mediation_network.mm */ = {isa = PBXFileReference; lastKnownFileType = sourcecode.cpp.objcpp; path = mintegral_mediation_network.mm; sourceTree = "<group>"; };
		07787D2C2EDA6C22009B6F5F /* moloco_mediation_network.h */ = {isa = PBXFileReference; lastKnownFileType = sourcecode.c.h; path = moloco_mediation_network.h; sourceTree = "<group>"; };
		07787D2D2EDA6C22009B6F5F /* moloco_mediation_network.mm */ = {isa = PBXFileReference; lastKnownFileType = sourcecode.cpp.objcpp; path = moloco_mediation_network.mm; sourceTree = "<group>"; };
		07787D2E2EDA6C22009B6F5F /* mytarget_mediation_network.h */ = {isa = PBXFileReference; lastKnownFileType = sourcecode.c.h; path = mytarget_mediation_network.h; sourceTree = "<group>"; };
		07787D2F2EDA6C22009B6F5F /* mytarget_mediation_network.mm */ = {isa = PBXFileReference; lastKnownFileType = sourcecode.cpp.objcpp; path = mytarget_mediation_network.mm; sourceTree = "<group>"; };
		07787D302EDA6C22009B6F5F /* pangle_mediation_network.h */ = {isa = PBXFileReference; lastKnownFileType = sourcecode.c.h; path = pangle_mediation_network.h; sourceTree = "<group>"; };
		07787D312EDA6C22009B6F5F /* pangle_mediation_network.mm */ = {isa = PBXFileReference; lastKnownFileType = sourcecode.cpp.objcpp; path = pangle_mediation_network.mm; sourceTree = "<group>"; };
		07787D322EDA6C22009B6F5F /* privacy_settings.h */ = {isa = PBXFileReference; lastKnownFileType = sourcecode.c.h; path = privacy_settings.h; sourceTree = "<group>"; };
		07787D332EDA6C22009B6F5F /* privacy_settings.mm */ = {isa = PBXFileReference; lastKnownFileType = sourcecode.cpp.objcpp; path = privacy_settings.mm; sourceTree = "<group>"; };
		07787D342EDA6C22009B6F5F /* unity_mediation_network.h */ = {isa = PBXFileReference; lastKnownFileType = sourcecode.c.h; path = unity_mediation_network.h; sourceTree = "<group>"; };
		07787D352EDA6C22009B6F5F /* unity_mediation_network.mm */ = {isa = PBXFileReference; lastKnownFileType = sourcecode.cpp.objcpp; path = unity_mediation_network.mm; sourceTree = "<group>"; };
		07787D372EDA6C22009B6F5F /* ad_position.h */ = {isa = PBXFileReference; lastKnownFileType = sourcecode.c.h; path = ad_position.h; sourceTree = "<group>"; };
		07787D382EDA6C22009B6F5F /* admob_adapter_response.h */ = {isa = PBXFileReference; lastKnownFileType = sourcecode.c.h; path = admob_adapter_response.h; sourceTree = "<group>"; };
		07787D392EDA6C22009B6F5F /* admob_adapter_response.mm */ = {isa = PBXFileReference; lastKnownFileType = sourcecode.cpp.objcpp; path = admob_adapter_response.mm; sourceTree = "<group>"; };
		07787D3A2EDA6C22009B6F5F /* admob_config.h */ = {isa = PBXFileReference; lastKnownFileType = sourcecode.c.h; path = admob_config.h; sourceTree = "<group>"; };
		07787D3B2EDA6C22009B6F5F /* admob_config.mm */ = {isa = PBXFileReference; lastKnownFileType = sourcecode.cpp.objcpp; path = admob_config.mm; sourceTree = "<group>"; };
		07787D3C2EDA6C22009B6F5F /* admob_response.h */ = {isa = PBXFileReference; lastKnownFileType = sourcecode.c.h; path = admob_response.h; sourceTree = "<group>"; };
		07787D3D2EDA6C22009B6F5F /* admob_response.mm */ = {isa = PBXFileReference; lastKnownFileType = sourcecode.cpp.objcpp; path = admob_response.mm; sourceTree = "<group>"; };
		07787D3E2EDA6C22009B6F5F /* admob_status.h */ = {isa = PBXFileReference; lastKnownFileType = sourcecode.c.h; path = admob_status.h; sourceTree = "<group>"; };
		07787D3F2EDA6C22009B6F5F /* admob_status.mm */ = {isa = PBXFileReference; lastKnownFileType = sourcecode.cpp.objcpp; path = admob_status.mm; sourceTree = "<group>"; };
		07787D402EDA6C22009B6F5F /* load_ad_request.h */ = {isa = PBXFileReference; lastKnownFileType = sourcecode.c.h; path = load_ad_request.h; sourceTree = "<group>"; };
		07787D412EDA6C22009B6F5F /* load_ad_request.mm */ = {isa = PBXFileReference; lastKnownFileType = sourcecode.cpp.objcpp; path = load_ad_request.mm; sourceTree = "<group>"; };
		07787D432EDA6C22009B6F5F /* ump_orientation_wrapper.h */ = {isa = PBXFileReference; lastKnownFileType = sourcecode.c.h; path = ump_orientation_wrapper.h; sourceTree = "<group>"; };
		07787D442EDA6C22009B6F5F /* ump_orientation_wrapper.m */ = {isa = PBXFileReference; lastKnownFileType = sourcecode.c.objc; path = ump_orientation_wrapper.m; sourceTree = "<group>"; };
		0780732F2EDC1C5E00A6FF87 /* admob_ad_error.h */ = {isa = PBXFileReference; lastKnownFileType = sourcecode.c.h; path = admob_ad_error.h; sourceTree = "<group>"; };
		078073302EDC1C5E00A6FF87 /* admob_ad_error.mm */ = {isa = PBXFileReference; lastKnownFileType = sourcecode.cpp.objcpp; path = admob_ad_error.mm; sourceTree = "<group>"; };
		078073312EDC1C5E00A6FF87 /* admob_load_ad_error.h */ = {isa = PBXFileReference; lastKnownFileType = sourcecode.c.h; path = admob_load_ad_error.h; sourceTree = "<group>"; };
		078073322EDC1C5E00A6FF87 /* admob_load_ad_error.mm */ = {isa = PBXFileReference; lastKnownFileType = sourcecode.cpp.objcpp; path = admob_load_ad_error.mm; sourceTree = "<group>"; };
		1A3D1E30D9DC57319C20B62B /* Pods-admob_plugin.release.xcconfig */ = {isa = PBXFileReference; includeInIndex = 1; lastKnownFileType = text.xcconfig; name = "Pods-admob_plugin.release.xcconfig"; path = "Target Support Files/Pods-admob_plugin/Pods-admob_plugin.release.xcconfig"; sourceTree = "<group>"; };
		380C444E6383B0C8ACA7CA7D /* Pods_admob_plugin.framework */ = {isa = PBXFileReference; explicitFileType = wrapper.framework; includeInIndex = 0; path = Pods_admob_plugin.framework; sourceTree = BUILT_PRODUCTS_DIR; };
		403D7C7BCFBA671DEF15AE95 /* Pods-admob_plugin.debug.xcconfig */ = {isa = PBXFileReference; includeInIndex = 1; lastKnownFileType = text.xcconfig; name = "Pods-admob_plugin.debug.xcconfig"; path = "Target Support Files/Pods-admob_plugin/Pods-admob_plugin.debug.xcconfig"; sourceTree = "<group>"; };
		90CAAA9424E71FF10013969F /* libadmob_plugin.a */ = {isa = PBXFileReference; explicitFileType = archive.ar; includeInIndex = 0; path = libadmob_plugin.a; sourceTree = BUILT_PRODUCTS_DIR; };
		90CAAA9724E71FF10013969F /* admob_plugin.h */ = {isa = PBXFileReference; lastKnownFileType = sourcecode.c.h; path = admob_plugin.h; sourceTree = "<group>"; };
		90CAAA9824E71FF10013969F /* admob_plugin.mm */ = {isa = PBXFileReference; lastKnownFileType = sourcecode.cpp.objcpp; path = admob_plugin.mm; sourceTree = "<group>"; };
		90CAAAA324E724C50013969F /* admob_plugin_implementation.mm */ = {isa = PBXFileReference; lastKnownFileType = sourcecode.cpp.objcpp; path = admob_plugin_implementation.mm; sourceTree = "<group>"; };
		90CAAAA524E724D00013969F /* admob_plugin_implementation.h */ = {isa = PBXFileReference; lastKnownFileType = sourcecode.c.h; path = admob_plugin_implementation.h; sourceTree = "<group>"; };
		AAE936A0178A8EA9BB753CEA /* Pods-admob_plugin_implementation.debug.xcconfig */ = {isa = PBXFileReference; includeInIndex = 1; lastKnownFileType = text.xcconfig; name = "Pods-admob_plugin_implementation.debug.xcconfig"; path = "Target Support Files/Pods-inapp_review_plugin/Pods-admob_plugin_implementation.debug.xcconfig"; sourceTree = "<group>"; };
		D5F7A9D28867FD798F31BF3B /* Pods-admob_plugin_implementation.release.xcconfig */ = {isa = PBXFileReference; includeInIndex = 1; lastKnownFileType = text.xcconfig; name = "Pods-admob_plugin_implementation.release.xcconfig"; path = "Target Support Files/Pods-inapp_review_plugin/Pods-admob_plugin_implementation.release.xcconfig"; sourceTree = "<group>"; };
/* End PBXFileReference section */

/* Begin PBXFrameworksBuildPhase section */
		90CAAA9124E71FF10013969F /* Frameworks */ = {
			isa = PBXFrameworksBuildPhase;
			buildActionMask = 2147483647;
			files = (
				94A1B0B2910D06DA0F4D3D3C /* Pods_admob_plugin.framework in Frameworks */,
			);
			runOnlyForDeploymentPostprocessing = 0;
		};
/* End PBXFrameworksBuildPhase section */

/* Begin PBXGroup section */
		07787D0B2EDA6C22009B6F5F /* adformat */ = {
			isa = PBXGroup;
			children = (
				07787CFF2EDA6C22009B6F5F /* ad_format_base.h */,
				07787D002EDA6C22009B6F5F /* ad_format_base.mm */,
				07787D012EDA6C22009B6F5F /* app_open.h */,
				07787D022EDA6C22009B6F5F /* app_open.mm */,
				07787D032EDA6C22009B6F5F /* banner.h */,
				07787D042EDA6C22009B6F5F /* banner.mm */,
				07787D052EDA6C22009B6F5F /* interstitial.h */,
				07787D062EDA6C22009B6F5F /* interstitial.mm */,
				07787D072EDA6C22009B6F5F /* rewarded.h */,
				07787D082EDA6C22009B6F5F /* rewarded.mm */,
				07787D092EDA6C22009B6F5F /* rewarded_interstitial.h */,
				07787D0A2EDA6C22009B6F5F /* rewarded_interstitial.mm */,
			);
			path = adformat;
			sourceTree = "<group>";
		};
		07787D362EDA6C22009B6F5F /* mediation */ = {
			isa = PBXGroup;
			children = (
				07787D102EDA6C22009B6F5F /* applovin_mediation_network.h */,
				07787D112EDA6C22009B6F5F /* applovin_mediation_network.mm */,
				07787D122EDA6C22009B6F5F /* chartboost_mediation_network.h */,
				07787D132EDA6C22009B6F5F /* chartboost_mediation_network.mm */,
				07787D142EDA6C22009B6F5F /* dtexchange_mediation_network.h */,
				07787D152EDA6C22009B6F5F /* dtexchange_mediation_network.mm */,
				07787D162EDA6C22009B6F5F /* google_mediation_network.h */,
				07787D172EDA6C22009B6F5F /* google_mediation_network.mm */,
				07787D182EDA6C22009B6F5F /* imobile_mediation_network.h */,
				07787D192EDA6C22009B6F5F /* imobile_mediation_network.mm */,
				07787D1A2EDA6C22009B6F5F /* inmobi_mediation_network.h */,
				07787D1B2EDA6C22009B6F5F /* inmobi_mediation_network.mm */,
				07787D1C2EDA6C22009B6F5F /* ironsource_mediation_network.h */,
				07787D1D2EDA6C22009B6F5F /* ironsource_mediation_network.mm */,
				07787D1E2EDA6C22009B6F5F /* liftoff_mediation_network.h */,
				07787D1F2EDA6C22009B6F5F /* liftoff_mediation_network.mm */,
				07787D202EDA6C22009B6F5F /* line_mediation_network.h */,
				07787D212EDA6C22009B6F5F /* line_mediation_network.mm */,
				07787D222EDA6C22009B6F5F /* maio_mediation_network.h */,
				07787D232EDA6C22009B6F5F /* maio_mediation_network.mm */,
				07787D242EDA6C22009B6F5F /* mediation_network.h */,
				07787D252EDA6C22009B6F5F /* mediation_network.mm */,
				07787D262EDA6C22009B6F5F /* mediation_network_factory.h */,
				07787D272EDA6C22009B6F5F /* mediation_network_factory.mm */,
				07787D282EDA6C22009B6F5F /* meta_mediation_network.h */,
				07787D292EDA6C22009B6F5F /* meta_mediation_network.mm */,
				07787D2A2EDA6C22009B6F5F /* mintegral_mediation_network.h */,
				07787D2B2EDA6C22009B6F5F /* mintegral_mediation_network.mm */,
				07787D2C2EDA6C22009B6F5F /* moloco_mediation_network.h */,
				07787D2D2EDA6C22009B6F5F /* moloco_mediation_network.mm */,
				07787D2E2EDA6C22009B6F5F /* mytarget_mediation_network.h */,
				07787D2F2EDA6C22009B6F5F /* mytarget_mediation_network.mm */,
				07787D302EDA6C22009B6F5F /* pangle_mediation_network.h */,
				07787D312EDA6C22009B6F5F /* pangle_mediation_network.mm */,
				07787D322EDA6C22009B6F5F /* privacy_settings.h */,
				07787D332EDA6C22009B6F5F /* privacy_settings.mm */,
				07787D342EDA6C22009B6F5F /* unity_mediation_network.h */,
				07787D352EDA6C22009B6F5F /* unity_mediation_network.mm */,
			);
			path = mediation;
			sourceTree = "<group>";
		};
		07787D422EDA6C22009B6F5F /* model */ = {
			isa = PBXGroup;
			children = (
				07696F9C2EDD61D2000C21B2 /* admob_ad_size.h */,
				07696F9D2EDD61D2000C21B2 /* admob_ad_size.mm */,
				0780732F2EDC1C5E00A6FF87 /* admob_ad_error.h */,
				078073302EDC1C5E00A6FF87 /* admob_ad_error.mm */,
				078073312EDC1C5E00A6FF87 /* admob_load_ad_error.h */,
				078073322EDC1C5E00A6FF87 /* admob_load_ad_error.mm */,
				07787D372EDA6C22009B6F5F /* ad_position.h */,
				07787D382EDA6C22009B6F5F /* admob_adapter_response.h */,
				07787D392EDA6C22009B6F5F /* admob_adapter_response.mm */,
				07787D3A2EDA6C22009B6F5F /* admob_config.h */,
				07787D3B2EDA6C22009B6F5F /* admob_config.mm */,
				07787D3C2EDA6C22009B6F5F /* admob_response.h */,
				07787D3D2EDA6C22009B6F5F /* admob_response.mm */,
				07787D3E2EDA6C22009B6F5F /* admob_status.h */,
				07787D3F2EDA6C22009B6F5F /* admob_status.mm */,
				07787D402EDA6C22009B6F5F /* load_ad_request.h */,
				07787D412EDA6C22009B6F5F /* load_ad_request.mm */,
			);
			path = model;
			sourceTree = "<group>";
		};
		66EA7AD27171A8F93A267403 /* Pods */ = {
			isa = PBXGroup;
			children = (
				403D7C7BCFBA671DEF15AE95 /* Pods-admob_plugin.debug.xcconfig */,
				1A3D1E30D9DC57319C20B62B /* Pods-admob_plugin.release.xcconfig */,
				AAE936A0178A8EA9BB753CEA /* Pods-admob_plugin_implementation.debug.xcconfig */,
				D5F7A9D28867FD798F31BF3B /* Pods-admob_plugin_implementation.release.xcconfig */,
			);
			path = Pods;
			sourceTree = "<group>";
		};
		90CAAA8B24E71FF10013969F = {
			isa = PBXGroup;
			children = (
				90CAAA9624E71FF10013969F /* admob */,
				90CAAA9524E71FF10013969F /* Products */,
				90CAAAA824E72A8A0013969F /* Frameworks */,
				66EA7AD27171A8F93A267403 /* Pods */,
			);
			sourceTree = "<group>";
		};
		90CAAA9524E71FF10013969F /* Products */ = {
			isa = PBXGroup;
			children = (
				90CAAA9424E71FF10013969F /* libadmob_plugin.a */,
			);
			name = Products;
			sourceTree = "<group>";
		};
		90CAAA9624E71FF10013969F /* admob */ = {
			isa = PBXGroup;
			children = (
				07787D0B2EDA6C22009B6F5F /* adformat */,
				07787D0C2EDA6C22009B6F5F /* admob_logger.h */,
				07787D0D2EDA6C22009B6F5F /* admob_logger.m */,
				07787D0E2EDA6C22009B6F5F /* gap_converter.h */,
				07787D0F2EDA6C22009B6F5F /* gap_converter.mm */,
				07787D362EDA6C22009B6F5F /* mediation */,
				07787D422EDA6C22009B6F5F /* model */,
				07787D432EDA6C22009B6F5F /* ump_orientation_wrapper.h */,
				07787D442EDA6C22009B6F5F /* ump_orientation_wrapper.m */,
				073B52C32ECF241C0063663B /* admob_plugin-Bridging-Header.h */,
				90CAAA9724E71FF10013969F /* admob_plugin.h */,
				90CAAA9824E71FF10013969F /* admob_plugin.mm */,
				90CAAAA524E724D00013969F /* admob_plugin_implementation.h */,
				90CAAAA324E724C50013969F /* admob_plugin_implementation.mm */,
			);
			path = admob;
			sourceTree = "<group>";
		};
		90CAAAA824E72A8A0013969F /* Frameworks */ = {
			isa = PBXGroup;
			children = (
				380C444E6383B0C8ACA7CA7D /* Pods_admob_plugin.framework */,
			);
			name = Frameworks;
			sourceTree = "<group>";
		};
/* End PBXGroup section */

/* Begin PBXNativeTarget section */
		90CAAA9324E71FF10013969F /* admob_plugin */ = {
			isa = PBXNativeTarget;
			buildConfigurationList = 90CAAA9D24E71FF10013969F /* Build configuration list for PBXNativeTarget "admob_plugin" */;
			buildPhases = (
				DD9BF3CC2255FDE9321FE7D1 /* [CP] Check Pods Manifest.lock */,
				90CAAA9024E71FF10013969F /* Sources */,
				90CAAA9124E71FF10013969F /* Frameworks */,
				90CAAA9224E71FF10013969F /* CopyFiles */,
			);
			buildRules = (
			);
			dependencies = (
			);
			name = admob_plugin;
			productName = admob_plugin;
			productReference = 90CAAA9424E71FF10013969F /* libadmob_plugin.a */;
			productType = "com.apple.product-type.library.static";
		};
/* End PBXNativeTarget section */

/* Begin PBXProject section */
		90CAAA8C24E71FF10013969F /* Project object */ = {
			isa = PBXProject;
			attributes = {
				LastUpgradeCheck = 1160;
				ORGANIZATIONNAME = Godot;
				TargetAttributes = {
					90CAAA9324E71FF10013969F = {
						CreatedOnToolsVersion = 11.6;
						LastSwiftMigration = 1230;
					};
				};
			};
			buildConfigurationList = 90CAAA8F24E71FF10013969F /* Build configuration list for PBXProject "admob_plugin" */;
			compatibilityVersion = "Xcode 9.3";
			developmentRegion = en;
			hasScannedForEncodings = 0;
			knownRegions = (
				en,
				Base,
			);
			mainGroup = 90CAAA8B24E71FF10013969F;
			productRefGroup = 90CAAA9524E71FF10013969F /* Products */;
			projectDirPath = "";
			projectRoot = "";
			targets = (
				90CAAA9324E71FF10013969F /* admob_plugin */,
			);
		};
/* End PBXProject section */

/* Begin PBXShellScriptBuildPhase section */
		DD9BF3CC2255FDE9321FE7D1 /* [CP] Check Pods Manifest.lock */ = {
			isa = PBXShellScriptBuildPhase;
			buildActionMask = 2147483647;
			files = (
			);
			inputFileListPaths = (
			);
			inputPaths = (
				"${PODS_PODFILE_DIR_PATH}/Podfile.lock",
				"${PODS_ROOT}/Manifest.lock",
			);
			name = "[CP] Check Pods Manifest.lock";
			outputFileListPaths = (
			);
			outputPaths = (
				"$(DERIVED_FILE_DIR)/Pods-admob_plugin-checkManifestLockResult.txt",
			);
			runOnlyForDeploymentPostprocessing = 0;
			shellPath = /bin/sh;
			shellScript = "diff \"${PODS_PODFILE_DIR_PATH}/Podfile.lock\" \"${PODS_ROOT}/Manifest.lock\" > /dev/null\nif [ $? != 0 ] ; then\n    # print error to STDERR\n    echo \"error: The sandbox is not in sync with the Podfile.lock. Run 'pod install' or update your CocoaPods installation.\" >&2\n    exit 1\nfi\n# This output is used by Xcode 'outputs' to avoid re-running this script phase.\necho \"SUCCESS\" > \"${SCRIPT_OUTPUT_FILE_0}\"\n";
			showEnvVarsInLog = 0;
		};
/* End PBXShellScriptBuildPhase section */

/* Begin PBXSourcesBuildPhase section */
		90CAAA9024E71FF10013969F /* Sources */ = {
			isa = PBXSourcesBuildPhase;
			buildActionMask = 2147483647;
			files = (
				90CAAAA424E724C50013969F /* admob_plugin_implementation.mm in Sources */,
				07787D452EDA6C22009B6F5F /* unity_mediation_network.mm in Sources */,
				07787D462EDA6C22009B6F5F /* app_open.mm in Sources */,
				07696F9E2EDD61D3000C21B2 /* admob_ad_size.mm in Sources */,
				07787D472EDA6C22009B6F5F /* ad_format_base.mm in Sources */,
				07787D482EDA6C22009B6F5F /* maio_mediation_network.mm in Sources */,
				07787D492EDA6C22009B6F5F /* imobile_mediation_network.mm in Sources */,
				07787D4A2EDA6C22009B6F5F /* rewarded_interstitial.mm in Sources */,
				07787D4B2EDA6C22009B6F5F /* mediation_network.mm in Sources */,
				07787D4C2EDA6C22009B6F5F /* banner.mm in Sources */,
				07787D4D2EDA6C22009B6F5F /* pangle_mediation_network.mm in Sources */,
				078073332EDC1C5E00A6FF87 /* admob_ad_error.mm in Sources */,
				078073342EDC1C5E00A6FF87 /* admob_load_ad_error.mm in Sources */,
				07787D4E2EDA6C22009B6F5F /* admob_status.mm in Sources */,
				07787D4F2EDA6C22009B6F5F /* ump_orientation_wrapper.m in Sources */,
				07787D502EDA6C22009B6F5F /* interstitial.mm in Sources */,
				07787D512EDA6C22009B6F5F /* gap_converter.mm in Sources */,
				07787D522EDA6C22009B6F5F /* ironsource_mediation_network.mm in Sources */,
				07787D532EDA6C22009B6F5F /* mediation_network_factory.mm in Sources */,
				07787D542EDA6C22009B6F5F /* inmobi_mediation_network.mm in Sources */,
				07787D552EDA6C22009B6F5F /* mintegral_mediation_network.mm in Sources */,
				07787D562EDA6C22009B6F5F /* load_ad_request.mm in Sources */,
				07787D572EDA6C22009B6F5F /* meta_mediation_network.mm in Sources */,
				07787D582EDA6C22009B6F5F /* liftoff_mediation_network.mm in Sources */,
				07787D592EDA6C22009B6F5F /* admob_logger.m in Sources */,
				07787D5A2EDA6C22009B6F5F /* dtexchange_mediation_network.mm in Sources */,
				07787D5B2EDA6C22009B6F5F /* google_mediation_network.mm in Sources */,
				07787D5C2EDA6C22009B6F5F /* applovin_mediation_network.mm in Sources */,
				07787D5D2EDA6C22009B6F5F /* admob_config.mm in Sources */,
				07787D5E2EDA6C22009B6F5F /* rewarded.mm in Sources */,
				07787D5F2EDA6C22009B6F5F /* privacy_settings.mm in Sources */,
				07787D602EDA6C22009B6F5F /* line_mediation_network.mm in Sources */,
				07787D612EDA6C22009B6F5F /* admob_adapter_response.mm in Sources */,
				07787D622EDA6C22009B6F5F /* mytarget_mediation_network.mm in Sources */,
				07787D632EDA6C22009B6F5F /* chartboost_mediation_network.mm in Sources */,
				07787D642EDA6C22009B6F5F /* moloco_mediation_network.mm in Sources */,
				07787D652EDA6C22009B6F5F /* admob_response.mm in Sources */,
				90CAAA9924E71FF10013969F /* admob_plugin.mm in Sources */,
			);
			runOnlyForDeploymentPostprocessing = 0;
		};
/* End PBXSourcesBuildPhase section */

/* Begin XCBuildConfiguration section */
		90CAAA9B24E71FF10013969F /* Debug */ = {
			isa = XCBuildConfiguration;
			buildSettings = {
				ALWAYS_SEARCH_USER_PATHS = NO;
				CLANG_ANALYZER_NONNULL = YES;
				CLANG_ANALYZER_NUMBER_OBJECT_CONVERSION = YES_AGGRESSIVE;
				CLANG_CXX_LANGUAGE_STANDARD = "gnu++17";
				CLANG_CXX_LIBRARY = "libc++";
				CLANG_ENABLE_MODULES = YES;
				CLANG_ENABLE_OBJC_ARC = YES;
				CLANG_ENABLE_OBJC_WEAK = YES;
				CLANG_WARN_BLOCK_CAPTURE_AUTORELEASING = YES;
				CLANG_WARN_BOOL_CONVERSION = YES;
				CLANG_WARN_COMMA = YES;
				CLANG_WARN_CONSTANT_CONVERSION = YES;
				CLANG_WARN_DEPRECATED_OBJC_IMPLEMENTATIONS = YES;
				CLANG_WARN_DIRECT_OBJC_ISA_USAGE = YES_ERROR;
				CLANG_WARN_DOCUMENTATION_COMMENTS = YES;
				CLANG_WARN_EMPTY_BODY = YES;
				CLANG_WARN_ENUM_CONVERSION = YES;
				CLANG_WARN_INFINITE_RECURSION = YES;
				CLANG_WARN_INT_CONVERSION = YES;
				CLANG_WARN_NON_LITERAL_NULL_CONVERSION = YES;
				CLANG_WARN_OBJC_IMPLICIT_RETAIN_SELF = YES;
				CLANG_WARN_OBJC_LITERAL_CONVERSION = YES;
				CLANG_WARN_OBJC_ROOT_CLASS = YES_ERROR;
				CLANG_WARN_RANGE_LOOP_ANALYSIS = YES;
				CLANG_WARN_STRICT_PROTOTYPES = YES;
				CLANG_WARN_SUSPICIOUS_MOVE = YES;
				CLANG_WARN_UNGUARDED_AVAILABILITY = YES_AGGRESSIVE;
				CLANG_WARN_UNREACHABLE_CODE = YES;
				CLANG_WARN__DUPLICATE_METHOD_MATCH = YES;
				COPY_PHASE_STRIP = NO;
				DEBUG_INFORMATION_FORMAT = dwarf;
				ENABLE_STRICT_OBJC_MSGSEND = YES;
				ENABLE_TESTABILITY = YES;
				GCC_C_LANGUAGE_STANDARD = gnu11;
				GCC_DYNAMIC_NO_PIC = NO;
				GCC_NO_COMMON_BLOCKS = YES;
				GCC_OPTIMIZATION_LEVEL = 0;
				GCC_PREPROCESSOR_DEFINITIONS = (
					"DEBUG=1",
					"$(inherited)",
				);
				GCC_WARN_64_TO_32_BIT_CONVERSION = YES;
				GCC_WARN_ABOUT_RETURN_TYPE = YES_ERROR;
				GCC_WARN_UNDECLARED_SELECTOR = YES;
				GCC_WARN_UNINITIALIZED_AUTOS = YES_AGGRESSIVE;
				GCC_WARN_UNUSED_FUNCTION = YES;
				GCC_WARN_UNUSED_VARIABLE = YES;
				IPHONEOS_DEPLOYMENT_TARGET = 14.3;
				MTL_ENABLE_DEBUG_INFO = INCLUDE_SOURCE;
				MTL_FAST_MATH = YES;
				ONLY_ACTIVE_ARCH = YES;
				SDKROOT = iphoneos;
			};
			name = Debug;
		};
		90CAAA9C24E71FF10013969F /* Release */ = {
			isa = XCBuildConfiguration;
			buildSettings = {
				ALWAYS_SEARCH_USER_PATHS = NO;
				CLANG_ANALYZER_NONNULL = YES;
				CLANG_ANALYZER_NUMBER_OBJECT_CONVERSION = YES_AGGRESSIVE;
				CLANG_CXX_LANGUAGE_STANDARD = "gnu++17";
				CLANG_CXX_LIBRARY = "libc++";
				CLANG_ENABLE_MODULES = YES;
				CLANG_ENABLE_OBJC_ARC = YES;
				CLANG_ENABLE_OBJC_WEAK = YES;
				CLANG_WARN_BLOCK_CAPTURE_AUTORELEASING = YES;
				CLANG_WARN_BOOL_CONVERSION = YES;
				CLANG_WARN_COMMA = YES;
				CLANG_WARN_CONSTANT_CONVERSION = YES;
				CLANG_WARN_DEPRECATED_OBJC_IMPLEMENTATIONS = YES;
				CLANG_WARN_DIRECT_OBJC_ISA_USAGE = YES_ERROR;
				CLANG_WARN_DOCUMENTATION_COMMENTS = YES;
				CLANG_WARN_EMPTY_BODY = YES;
				CLANG_WARN_ENUM_CONVERSION = YES;
				CLANG_WARN_INFINITE_RECURSION = YES;
				CLANG_WARN_INT_CONVERSION = YES;
				CLANG_WARN_NON_LITERAL_NULL_CONVERSION = YES;
				CLANG_WARN_OBJC_IMPLICIT_RETAIN_SELF = YES;
				CLANG_WARN_OBJC_LITERAL_CONVERSION = YES;
				CLANG_WARN_OBJC_ROOT_CLASS = YES_ERROR;
				CLANG_WARN_RANGE_LOOP_ANALYSIS = YES;
				CLANG_WARN_STRICT_PROTOTYPES = YES;
				CLANG_WARN_SUSPICIOUS_MOVE = YES;
				CLANG_WARN_UNGUARDED_AVAILABILITY = YES_AGGRESSIVE;
				CLANG_WARN_UNREACHABLE_CODE = YES;
				CLANG_WARN__DUPLICATE_METHOD_MATCH = YES;
				COPY_PHASE_STRIP = NO;
				DEBUG_INFORMATION_FORMAT = "dwarf-with-dsym";
				ENABLE_NS_ASSERTIONS = NO;
				ENABLE_STRICT_OBJC_MSGSEND = YES;
				GCC_C_LANGUAGE_STANDARD = gnu11;
				GCC_NO_COMMON_BLOCKS = YES;
				GCC_WARN_64_TO_32_BIT_CONVERSION = YES;
				GCC_WARN_ABOUT_RETURN_TYPE = YES_ERROR;
				GCC_WARN_UNDECLARED_SELECTOR = YES;
				GCC_WARN_UNINITIALIZED_AUTOS = YES_AGGRESSIVE;
				GCC_WARN_UNUSED_FUNCTION = YES;
				GCC_WARN_UNUSED_VARIABLE = YES;
				IPHONEOS_DEPLOYMENT_TARGET = 16.0;
				MTL_ENABLE_DEBUG_INFO = NO;
				MTL_FAST_MATH = YES;
				SDKROOT = iphoneos;
				VALIDATE_PRODUCT = YES;
			};
			name = Release;
		};
		90CAAA9E24E71FF10013969F /* Debug */ = {
			isa = XCBuildConfiguration;
			baseConfigurationReference = 403D7C7BCFBA671DEF15AE95 /* Pods-admob_plugin.debug.xcconfig */;
			buildSettings = {
				CODE_SIGN_STYLE = Automatic;
				HEADER_SEARCH_PATHS = (
					"$(inherited)",
					"$(SRCROOT)/adformat",
					"$(SRCROOT)/mediation",
					"$(SRCROOT)/model",
				);
				IPHONEOS_DEPLOYMENT_TARGET = 16.0;
				LD_RUNPATH_SEARCH_PATHS = (
					"$(inherited)",
					"@executable_path/Frameworks",
					"@loader_path/Frameworks",
				);
				LIBRARY_SEARCH_PATHS = (
					"$(inherited)",
					"$(PROJECT_DIR)/godot/bin",
				);
				ONLY_ACTIVE_ARCH = YES;
				OTHER_CFLAGS = (
					"-g",
					"-DDEBUG",
					"-DDEBUG_ENABLED",
					"-DDEBUG_MEMORY_ALLOC",
					"-DDISABLE_FORCED_INLINE",
					"-DTYPED_METHOD_BIND",
					"-fmodules",
					"-fobjc-arc",
					"-fmessage-length=0",
					"-fno-strict-aliasing",
					"-fdiagnostics-print-source-range-info",
					"-fdiagnostics-show-category=id",
					"-fdiagnostics-parseable-fixits",
					"-fpascal-strings",
					"-fblocks",
					"-fvisibility=hidden",
					"-MMD",
					"-fno-exceptions",
					"-Wno-ambiguous-macro",
					"-Wall",
					"-Werror=return-type",
					"-DPTRCALL_ENABLED",
				);
				OTHER_CPLUSPLUSFLAGS = (
					"-fcxx-modules",
					"-gdwarf-2",
					"-O0",
					"-DDEBUG_MEMORY_ALLOC",
					"-DDISABLE_FORCED_INLINE",
					"-D_DEBUG",
					"-DDEBUG=1",
					"-DDEBUG_ENABLED",
					"-DVERSION_4_0",
					"-DIOS_ENABLED",
					"-DNEED_LONG_INT",
					"-DLIBYUV_DISABLE_NEON",
					"-DIPHONE_ENABLED",
					"-DUNIX_ENABLED",
					"-DCOREAUDIO_ENABLED",
					"-DAPPLE_EMBEDDED_ENABLED",
					"-isystem",
					"$(SRCROOT)/godot",
					"-isystem",
					"$(SRCROOT)/godot/drivers/apple_embedded",
					"-isystem",
					"$(SRCROOT)/godot/platform/ios",
				);
				OTHER_LDFLAGS = (
					"$(inherited)",
					"-ObjC",
					"-framework",
					os,
					"-lswiftCore",
					"-lswiftDispatch",
					"-lswiftObjectiveC",
					"-lswiftUIKit",
					"-lswiftFoundation",
				);
				PRODUCT_NAME = "$(TARGET_NAME)";
				SKIP_INSTALL = YES;
				SWIFT_OBJC_BRIDGING_HEADER = "deeplink/admob_plugin-Bridging-Header.h";
				SWIFT_OPTIMIZATION_LEVEL = "-Onone";
				SWIFT_VERSION = 5.9;
				TARGETED_DEVICE_FAMILY = "1,2";
			};
			name = Debug;
		};
		90CAAA9F24E71FF10013969F /* Release */ = {
			isa = XCBuildConfiguration;
			baseConfigurationReference = 1A3D1E30D9DC57319C20B62B /* Pods-admob_plugin.release.xcconfig */;
			buildSettings = {
				CODE_SIGN_STYLE = Automatic;
				HEADER_SEARCH_PATHS = (
					"$(inherited)",
					"$(SRCROOT)/adformat",
					"$(SRCROOT)/mediation",
					"$(SRCROOT)/model",
				);
				IPHONEOS_DEPLOYMENT_TARGET = 16.0;
				LD_RUNPATH_SEARCH_PATHS = (
					"$(inherited)",
					"@executable_path/Frameworks",
					"@loader_path/Frameworks",
				);
				LIBRARY_SEARCH_PATHS = (
					"$(inherited)",
					"$(PROJECT_DIR)/godot/bin",
				);
				ONLY_ACTIVE_ARCH = YES;
				OTHER_CFLAGS = (
					"-fmodules",
					"-fobjc-arc",
					"-fmessage-length=0",
					"-fno-strict-aliasing",
					"-fdiagnostics-print-source-range-info",
					"-fdiagnostics-show-category=id",
					"-fdiagnostics-parseable-fixits",
					"-fpascal-strings",
					"-fblocks",
					"-fvisibility=hidden",
					"-MMD",
					"-fno-exceptions",
					"-Wno-ambiguous-macro",
					"-Wall",
					"-Werror=return-type",
					"-DPTRCALL_ENABLED",
				);
				OTHER_CPLUSPLUSFLAGS = (
					"-fcxx-modules",
					"-O2",
					"-ftree-vectorize",
					"-DNDEBUG",
					"-DNS_BLOCK_ASSERTIONS=1",
					"-DVERSION_4_0",
					"-DIOS_ENABLED",
					"-DNEED_LONG_INT",
					"-DLIBYUV_DISABLE_NEON",
					"-DIPHONE_ENABLED",
					"-DUNIX_ENABLED",
					"-DCOREAUDIO_ENABLED",
					"-DAPPLE_EMBEDDED_ENABLED",
					"-isystem",
					"$(SRCROOT)/godot",
					"-isystem",
					"$(SRCROOT)/godot/drivers/apple_embedded",
					"-isystem",
					"$(SRCROOT)/godot/platform/ios",
				);
				OTHER_LDFLAGS = (
					"$(inherited)",
					"-ObjC",
					"-framework",
					os,
					"-lswiftCore",
					"-lswiftDispatch",
					"-lswiftObjectiveC",
					"-lswiftUIKit",
					"-lswiftFoundation",
				);
				PRODUCT_NAME = "$(TARGET_NAME)";
				SKIP_INSTALL = YES;
				SWIFT_OBJC_BRIDGING_HEADER = "deeplink/admob_plugin-Bridging-Header.h";
				SWIFT_VERSION = 5.9;
				TARGETED_DEVICE_FAMILY = "1,2";
			};
			name = Release;
		};
/* End XCBuildConfiguration section */

/* Begin XCConfigurationList section */
		90CAAA8F24E71FF10013969F /* Build configuration list for PBXProject "admob_plugin" */ = {
			isa = XCConfigurationList;
			buildConfigurations = (
				90CAAA9B24E71FF10013969F /* Debug */,
				90CAAA9C24E71FF10013969F /* Release */,
			);
			defaultConfigurationIsVisible = 0;
			defaultConfigurationName = Release;
		};
		90CAAA9D24E71FF10013969F /* Build configuration list for PBXNativeTarget "admob_plugin" */ = {
			isa = XCConfigurationList;
			buildConfigurations = (
				90CAAA9E24E71FF10013969F /* Debug */,
				90CAAA9F24E71FF10013969F /* Release */,
			);
			defaultConfigurationIsVisible = 0;
			defaultConfigurationName = Release;
		};
/* End XCConfigurationList section */
	};
	rootObject = 90CAAA8C24E71FF10013969F /* Project object */;
}
