// !$*UTF8*$!
{
	archiveVersion = 1;
	classes = {
	};
	objectVersion = 50;
	objects = {

/* Begin PBXBuildFile section */
		07787D512EDA6C22009B6F5F /* gap_converter.mm in Sources */ = {isa = PBXBuildFile; fileRef = 07787D0F2EDA6C22009B6F5F /* gap_converter.mm */; };
		07787D592EDA6C22009B6F5F /* admob_logger.m in Sources */ = {isa = PBXBuildFile; fileRef = 07787D0D2EDA6C22009B6F5F /* admob_logger.m */; };
		07A9A9322EFD654F00F8335A /* admob_status.mm in Sources */ = {isa = PBXBuildFile; fileRef = 07A9A92E2EFD654F00F8335A /* admob_status.mm */; };
		07A9A9332EFD654F00F8335A /* admob_adapter_response.mm in Sources */ = {isa = PBXBuildFile; fileRef = 07A9A9262EFD654F00F8335A /* admob_adapter_response.mm */; };
		07A9A9342EFD654F00F8335A /* chartboost_mediation_network.mm in Sources */ = {isa = PBXBuildFile; fileRef = 07A9A8FA2EFD654F00F8335A /* chartboost_mediation_network.mm */; };
		07A9A9352EFD654F00F8335A /* dtexchange_mediation_network.mm in Sources */ = {isa = PBXBuildFile; fileRef = 07A9A8FC2EFD654F00F8335A /* dtexchange_mediation_network.mm */; };
		07A9A9362EFD654F00F8335A /* mediation_network_factory.mm in Sources */ = {isa = PBXBuildFile; fileRef = 07A9A90E2EFD654F00F8335A /* mediation_network_factory.mm */; };
		07A9A9372EFD654F00F8335A /* google_mediation_network.mm in Sources */ = {isa = PBXBuildFile; fileRef = 07A9A8FE2EFD654F00F8335A /* google_mediation_network.mm */; };
		07A9A9382EFD654F00F8335A /* load_ad_request.mm in Sources */ = {isa = PBXBuildFile; fileRef = 07A9A9302EFD654F00F8335A /* load_ad_request.mm */; };
		07A9A9392EFD654F00F8335A /* line_mediation_network.mm in Sources */ = {isa = PBXBuildFile; fileRef = 07A9A9082EFD654F00F8335A /* line_mediation_network.mm */; };
		07A9A93A2EFD654F00F8335A /* inmobi_mediation_network.mm in Sources */ = {isa = PBXBuildFile; fileRef = 07A9A9022EFD654F00F8335A /* inmobi_mediation_network.mm */; };
		07A9A93B2EFD654F00F8335A /* admob_plugin_bootstrap.mm in Sources */ = {isa = PBXBuildFile; fileRef = 07A9A8F62EFD654F00F8335A /* admob_plugin_bootstrap.mm */; };
		07A9A93C2EFD654F00F8335A /* imobile_mediation_network.mm in Sources */ = {isa = PBXBuildFile; fileRef = 07A9A9002EFD654F00F8335A /* imobile_mediation_network.mm */; };
		07A9A93D2EFD654F00F8335A /* banner.mm in Sources */ = {isa = PBXBuildFile; fileRef = 07A9A8ED2EFD654F00F8335A /* banner.mm */; };
		07A9A93E2EFD654F00F8335A /* admob_ad_error.mm in Sources */ = {isa = PBXBuildFile; fileRef = 07A9A9202EFD654F00F8335A /* admob_ad_error.mm */; };
		07A9A93F2EFD654F00F8335A /* admob_response.mm in Sources */ = {isa = PBXBuildFile; fileRef = 07A9A92C2EFD654F00F8335A /* admob_response.mm */; };
		07A9A9402EFD654F00F8335A /* ironsource_mediation_network.mm in Sources */ = {isa = PBXBuildFile; fileRef = 07A9A9042EFD654F00F8335A /* ironsource_mediation_network.mm */; };
		07A9A9412EFD654F00F8335A /* moloco_mediation_network.mm in Sources */ = {isa = PBXBuildFile; fileRef = 07A9A9142EFD654F00F8335A /* moloco_mediation_network.mm */; };
		07A9A9422EFD654F00F8335A /* maio_mediation_network.mm in Sources */ = {isa = PBXBuildFile; fileRef = 07A9A90A2EFD654F00F8335A /* maio_mediation_network.mm */; };
		07A9A9432EFD654F00F8335A /* meta_mediation_network.mm in Sources */ = {isa = PBXBuildFile; fileRef = 07A9A9102EFD654F00F8335A /* meta_mediation_network.mm */; };
		07A9A9442EFD654F00F8335A /* mytarget_mediation_network.mm in Sources */ = {isa = PBXBuildFile; fileRef = 07A9A9162EFD654F00F8335A /* mytarget_mediation_network.mm */; };
		07A9A9452EFD654F00F8335A /* applovin_mediation_network.mm in Sources */ = {isa = PBXBuildFile; fileRef = 07A9A8F82EFD654F00F8335A /* applovin_mediation_network.mm */; };
		07A9A9462EFD654F00F8335A /* admob_config.mm in Sources */ = {isa = PBXBuildFile; fileRef = 07A9A9282EFD654F00F8335A /* admob_config.mm */; };
		07A9A9472EFD654F00F8335A /* privacy_settings.mm in Sources */ = {isa = PBXBuildFile; fileRef = 07A9A91A2EFD654F00F8335A /* privacy_settings.mm */; };
		07A9A9482EFD654F00F8335A /* admob_ad_size.mm in Sources */ = {isa = PBXBuildFile; fileRef = 07A9A9242EFD654F00F8335A /* admob_ad_size.mm */; };
		07A9A9492EFD654F00F8335A /* pangle_mediation_network.mm in Sources */ = {isa = PBXBuildFile; fileRef = 07A9A9182EFD654F00F8335A /* pangle_mediation_network.mm */; };
		07A9A94A2EFD654F00F8335A /* ad_format_base.mm in Sources */ = {isa = PBXBuildFile; fileRef = 07A9A8E92EFD654F00F8335A /* ad_format_base.mm */; };
		07A9A94B2EFD654F00F8335A /* admob_load_ad_error.mm in Sources */ = {isa = PBXBuildFile; fileRef = 07A9A92A2EFD654F00F8335A /* admob_load_ad_error.mm */; };
		07A9A94C2EFD654F00F8335A /* unity_mediation_network.mm in Sources */ = {isa = PBXBuildFile; fileRef = 07A9A91C2EFD654F00F8335A /* unity_mediation_network.mm */; };
		07A9A94D2EFD654F00F8335A /* app_open.mm in Sources */ = {isa = PBXBuildFile; fileRef = 07A9A8EB2EFD654F00F8335A /* app_open.mm */; };
		07A9A94E2EFD654F00F8335A /* rewarded_interstitial.mm in Sources */ = {isa = PBXBuildFile; fileRef = 07A9A8F32EFD654F00F8335A /* rewarded_interstitial.mm */; };
		07A9A94F2EFD654F00F8335A /* interstitial.mm in Sources */ = {isa = PBXBuildFile; fileRef = 07A9A8EF2EFD654F00F8335A /* interstitial.mm */; };
		07A9A9502EFD654F00F8335A /* mintegral_mediation_network.mm in Sources */ = {isa = PBXBuildFile; fileRef = 07A9A9122EFD654F00F8335A /* mintegral_mediation_network.mm */; };
		07A9A9512EFD654F00F8335A /* rewarded.mm in Sources */ = {isa = PBXBuildFile; fileRef = 07A9A8F12EFD654F00F8335A /* rewarded.mm */; };
		07A9A9522EFD654F00F8335A /* liftoff_mediation_network.mm in Sources */ = {isa = PBXBuildFile; fileRef = 07A9A9062EFD654F00F8335A /* liftoff_mediation_network.mm */; };
		07A9A9532EFD654F00F8335A /* admob_ad_info.mm in Sources */ = {isa = PBXBuildFile; fileRef = 07A9A9222EFD654F00F8335A /* admob_ad_info.mm */; };
		07A9A9542EFD654F00F8335A /* mediation_network.mm in Sources */ = {isa = PBXBuildFile; fileRef = 07A9A90C2EFD654F00F8335A /* mediation_network.mm */; };
		07AF2A202EDE9CFC008A870E /* ConsentManager.swift in Sources */ = {isa = PBXBuildFile; fileRef = 07AF2A1F2EDE9CFC008A870E /* ConsentManager.swift */; };
		07B12A6E2F23A3710098B81A /* GlobalSettings.swift in Sources */ = {isa = PBXBuildFile; fileRef = 07B12A6D2F23A3710098B81A /* GlobalSettings.swift */; };
		07CC05FE2F23B744004D4A22 /* ad_settings_wrapper.mm in Sources */ = {isa = PBXBuildFile; fileRef = 07CC05FC2F23B744004D4A22 /* ad_settings_wrapper.mm */; };
		07CC05FF2F23B744004D4A22 /* AdSettings.swift in Sources */ = {isa = PBXBuildFile; fileRef = 07CC05FD2F23B744004D4A22 /* AdSettings.swift */; };
		90CAAA9924E71FF10013969F /* admob_plugin.mm in Sources */ = {isa = PBXBuildFile; fileRef = 90CAAA9824E71FF10013969F /* admob_plugin.mm */; };
		94A1B0B2910D06DA0F4D3D3C /* Pods_admob_plugin.framework in Frameworks */ = {isa = PBXBuildFile; fileRef = 380C444E6383B0C8ACA7CA7D /* Pods_admob_plugin.framework */; };
/* End PBXBuildFile section */

/* Begin PBXCopyFilesBuildPhase section */
		90CAAA9224E71FF10013969F /* CopyFiles */ = {
			isa = PBXCopyFilesBuildPhase;
			buildActionMask = 2147483647;
			dstPath = "include/$(PRODUCT_NAME)";
			dstSubfolderSpec = 16;
			files = (
			);
			runOnlyForDeploymentPostprocessing = 0;
		};
/* End PBXCopyFilesBuildPhase section */

/* Begin PBXFileReference section */
		073B52C32ECF241C0063663B /* admob_plugin-Bridging-Header.h */ = {isa = PBXFileReference; lastKnownFileType = sourcecode.c.h; path = "admob_plugin-Bridging-Header.h"; sourceTree = "<group>"; };
		07787D0C2EDA6C22009B6F5F /* admob_logger.h */ = {isa = PBXFileReference; lastKnownFileType = sourcecode.c.h; path = admob_logger.h; sourceTree = "<group>"; };
		07787D0D2EDA6C22009B6F5F /* admob_logger.m */ = {isa = PBXFileReference; lastKnownFileType = sourcecode.c.objc; path = admob_logger.m; sourceTree = "<group>"; };
		07787D0E2EDA6C22009B6F5F /* gap_converter.h */ = {isa = PBXFileReference; lastKnownFileType = sourcecode.c.h; path = gap_converter.h; sourceTree = "<group>"; };
		07787D0F2EDA6C22009B6F5F /* gap_converter.mm */ = {isa = PBXFileReference; lastKnownFileType = sourcecode.cpp.objcpp; path = gap_converter.mm; sourceTree = "<group>"; };
		07A9A8E82EFD654F00F8335A /* ad_format_base.h */ = {isa = PBXFileReference; lastKnownFileType = sourcecode.c.h; path = ad_format_base.h; sourceTree = "<group>"; };
		07A9A8E92EFD654F00F8335A /* ad_format_base.mm */ = {isa = PBXFileReference; lastKnownFileType = sourcecode.cpp.objcpp; path = ad_format_base.mm; sourceTree = "<group>"; };
		07A9A8EA2EFD654F00F8335A /* app_open.h */ = {isa = PBXFileReference; lastKnownFileType = sourcecode.c.h; path = app_open.h; sourceTree = "<group>"; };
		07A9A8EB2EFD654F00F8335A /* app_open.mm */ = {isa = PBXFileReference; lastKnownFileType = sourcecode.cpp.objcpp; path = app_open.mm; sourceTree = "<group>"; };
		07A9A8EC2EFD654F00F8335A /* banner.h */ = {isa = PBXFileReference; lastKnownFileType = sourcecode.c.h; path = banner.h; sourceTree = "<group>"; };
		07A9A8ED2EFD654F00F8335A /* banner.mm */ = {isa = PBXFileReference; lastKnownFileType = sourcecode.cpp.objcpp; path = banner.mm; sourceTree = "<group>"; };
		07A9A8EE2EFD654F00F8335A /* interstitial.h */ = {isa = PBXFileReference; lastKnownFileType = sourcecode.c.h; path = interstitial.h; sourceTree = "<group>"; };
		07A9A8EF2EFD654F00F8335A /* interstitial.mm */ = {isa = PBXFileReference; lastKnownFileType = sourcecode.cpp.objcpp; path = interstitial.mm; sourceTree = "<group>"; };
		07A9A8F02EFD654F00F8335A /* rewarded.h */ = {isa = PBXFileReference; lastKnownFileType = sourcecode.c.h; path = rewarded.h; sourceTree = "<group>"; };
		07A9A8F12EFD654F00F8335A /* rewarded.mm */ = {isa = PBXFileReference; lastKnownFileType = sourcecode.cpp.objcpp; path = rewarded.mm; sourceTree = "<group>"; };
		07A9A8F22EFD654F00F8335A /* rewarded_interstitial.h */ = {isa = PBXFileReference; lastKnownFileType = sourcecode.c.h; path = rewarded_interstitial.h; sourceTree = "<group>"; };
		07A9A8F32EFD654F00F8335A /* rewarded_interstitial.mm */ = {isa = PBXFileReference; lastKnownFileType = sourcecode.cpp.objcpp; path = rewarded_interstitial.mm; sourceTree = "<group>"; };
		07A9A8F52EFD654F00F8335A /* admob_plugin_bootstrap.h */ = {isa = PBXFileReference; lastKnownFileType = sourcecode.c.h; path = admob_plugin_bootstrap.h; sourceTree = "<group>"; };
		07A9A8F62EFD654F00F8335A /* admob_plugin_bootstrap.mm */ = {isa = PBXFileReference; lastKnownFileType = sourcecode.cpp.objcpp; path = admob_plugin_bootstrap.mm; sourceTree = "<group>"; };
		07A9A8F72EFD654F00F8335A /* applovin_mediation_network.h */ = {isa = PBXFileReference; lastKnownFileType = sourcecode.c.h; path = applovin_mediation_network.h; sourceTree = "<group>"; };
		07A9A8F82EFD654F00F8335A /* applovin_mediation_network.mm */ = {isa = PBXFileReference; lastKnownFileType = sourcecode.cpp.objcpp; path = applovin_mediation_network.mm; sourceTree = "<group>"; };
		07A9A8F92EFD654F00F8335A /* chartboost_mediation_network.h */ = {isa = PBXFileReference; lastKnownFileType = sourcecode.c.h; path = chartboost_mediation_network.h; sourceTree = "<group>"; };
		07A9A8FA2EFD654F00F8335A /* chartboost_mediation_network.mm */ = {isa = PBXFileReference; lastKnownFileType = sourcecode.cpp.objcpp; path = chartboost_mediation_network.mm; sourceTree = "<group>"; };
		07A9A8FB2EFD654F00F8335A /* dtexchange_mediation_network.h */ = {isa = PBXFileReference; lastKnownFileType = sourcecode.c.h; path = dtexchange_mediation_network.h; sourceTree = "<group>"; };
		07A9A8FC2EFD654F00F8335A /* dtexchange_mediation_network.mm */ = {isa = PBXFileReference; lastKnownFileType = sourcecode.cpp.objcpp; path = dtexchange_mediation_network.mm; sourceTree = "<group>"; };
		07A9A8FD2EFD654F00F8335A /* google_mediation_network.h */ = {isa = PBXFileReference; lastKnownFileType = sourcecode.c.h; path = google_mediation_network.h; sourceTree = "<group>"; };
		07A9A8FE2EFD654F00F8335A /* google_mediation_network.mm */ = {isa = PBXFileReference; lastKnownFileType = sourcecode.cpp.objcpp; path = google_mediation_network.mm; sourceTree = "<group>"; };
		07A9A8FF2EFD654F00F8335A /* imobile_mediation_network.h */ = {isa = PBXFileReference; lastKnownFileType = sourcecode.c.h; path = imobile_mediation_network.h; sourceTree = "<group>"; };
		07A9A9002EFD654F00F8335A /* imobile_mediation_network.mm */ = {isa = PBXFileReference; lastKnownFileType = sourcecode.cpp.objcpp; path = imobile_mediation_network.mm; sourceTree = "<group>"; };
		07A9A9012EFD654F00F8335A /* inmobi_mediation_network.h */ = {isa = PBXFileReference; lastKnownFileType = sourcecode.c.h; path = inmobi_mediation_network.h; sourceTree = "<group>"; };
		07A9A9022EFD654F00F8335A /* inmobi_mediation_network.mm */ = {isa = PBXFileReference; lastKnownFileType = sourcecode.cpp.objcpp; path = inmobi_mediation_network.mm; sourceTree = "<group>"; };
		07A9A9032EFD654F00F8335A /* ironsource_mediation_network.h */ = {isa = PBXFileReference; lastKnownFileType = sourcecode.c.h; path = ironsource_mediation_network.h; sourceTree = "<group>"; };
		07A9A9042EFD654F00F8335A /* ironsource_mediation_network.mm */ = {isa = PBXFileReference; lastKnownFileType = sourcecode.cpp.objcpp; path = ironsource_mediation_network.mm; sourceTree = "<group>"; };
		07A9A9052EFD654F00F8335A /* liftoff_mediation_network.h */ = {isa = PBXFileReference; lastKnownFileType = sourcecode.c.h; path = liftoff_mediation_network.h; sourceTree = "<group>"; };
		07A9A9062EFD654F00F8335A /* liftoff_mediation_network.mm */ = {isa = PBXFileReference; lastKnownFileType = sourcecode.cpp.objcpp; path = liftoff_mediation_network.mm; sourceTree = "<group>"; };
		07A9A9072EFD654F00F8335A /* line_mediation_network.h */ = {isa = PBXFileReference; lastKnownFileType = sourcecode.c.h; path = line_mediation_network.h; sourceTree = "<group>"; };
		07A9A9082EFD654F00F8335A /* line_mediation_network.mm */ = {isa = PBXFileReference; lastKnownFileType = sourcecode.cpp.objcpp; path = line_mediation_network.mm; sourceTree = "<group>"; };
		07A9A9092EFD654F00F8335A /* maio_mediation_network.h */ = {isa = PBXFileReference; lastKnownFileType = sourcecode.c.h; path = maio_mediation_network.h; sourceTree = "<group>"; };
		07A9A90A2EFD654F00F8335A /* maio_mediation_network.mm */ = {isa = PBXFileReference; lastKnownFileType = sourcecode.cpp.objcpp; path = maio_mediation_network.mm; sourceTree = "<group>"; };
		07A9A90B2EFD654F00F8335A /* mediation_network.h */ = {isa = PBXFileReference; lastKnownFileType = sourcecode.c.h; path = mediation_network.h; sourceTree = "<group>"; };
		07A9A90C2EFD654F00F8335A /* mediation_network.mm */ = {isa = PBXFileReference; lastKnownFileType = sourcecode.cpp.objcpp; path = mediation_network.mm; sourceTree = "<group>"; };
		07A9A90D2EFD654F00F8335A /* mediation_network_factory.h */ = {isa = PBXFileReference; lastKnownFileType = sourcecode.c.h; path = mediation_network_factory.h; sourceTree = "<group>"; };
		07A9A90E2EFD654F00F8335A /* mediation_network_factory.mm */ = {isa = PBXFileReference; lastKnownFileType = sourcecode.cpp.objcpp; path = mediation_network_factory.mm; sourceTree = "<group>"; };
		07A9A90F2EFD654F00F8335A /* meta_mediation_network.h */ = {isa = PBXFileReference; lastKnownFileType = sourcecode.c.h; path = meta_mediation_network.h; sourceTree = "<group>"; };
		07A9A9102EFD654F00F8335A /* meta_mediation_network.mm */ = {isa = PBXFileReference; lastKnownFileType = sourcecode.cpp.objcpp; path = meta_mediation_network.mm; sourceTree = "<group>"; };
		07A9A9112EFD654F00F8335A /* mintegral_mediation_network.h */ = {isa = PBXFileReference; lastKnownFileType = sourcecode.c.h; path = mintegral_mediation_network.h; sourceTree = "<group>"; };
		07A9A9122EFD654F00F8335A /* mintegral_mediation_network.mm */ = {isa = PBXFileReference; lastKnownFileType = sourcecode.cpp.objcpp; path = mintegral_mediation_network.mm; sourceTree = "<group>"; };
		07A9A9132EFD654F00F8335A /* moloco_mediation_network.h */ = {isa = PBXFileReference; lastKnownFileType = sourcecode.c.h; path = moloco_mediation_network.h; sourceTree = "<group>"; };
		07A9A9142EFD654F00F8335A /* moloco_mediation_network.mm */ = {isa = PBXFileReference; lastKnownFileType = sourcecode.cpp.objcpp; path = moloco_mediation_network.mm; sourceTree = "<group>"; };
		07A9A9152EFD654F00F8335A /* mytarget_mediation_network.h */ = {isa = PBXFileReference; lastKnownFileType = sourcecode.c.h; path = mytarget_mediation_network.h; sourceTree = "<group>"; };
		07A9A9162EFD654F00F8335A /* mytarget_mediation_network.mm */ = {isa = PBXFileReference; lastKnownFileType = sourcecode.cpp.objcpp; path = mytarget_mediation_network.mm; sourceTree = "<group>"; };
		07A9A9172EFD654F00F8335A /* pangle_mediation_network.h */ = {isa = PBXFileReference; lastKnownFileType = sourcecode.c.h; path = pangle_mediation_network.h; sourceTree = "<group>"; };
		07A9A9182EFD654F00F8335A /* pangle_mediation_network.mm */ = {isa = PBXFileReference; lastKnownFileType = sourcecode.cpp.objcpp; path = pangle_mediation_network.mm; sourceTree = "<group>"; };
		07A9A9192EFD654F00F8335A /* privacy_settings.h */ = {isa = PBXFileReference; lastKnownFileType = sourcecode.c.h; path = privacy_settings.h; sourceTree = "<group>"; };
		07A9A91A2EFD654F00F8335A /* privacy_settings.mm */ = {isa = PBXFileReference; lastKnownFileType = sourcecode.cpp.objcpp; path = privacy_settings.mm; sourceTree = "<group>"; };
		07A9A91B2EFD654F00F8335A /* unity_mediation_network.h */ = {isa = PBXFileReference; lastKnownFileType = sourcecode.c.h; path = unity_mediation_network.h; sourceTree = "<group>"; };
		07A9A91C2EFD654F00F8335A /* unity_mediation_network.mm */ = {isa = PBXFileReference; lastKnownFileType = sourcecode.cpp.objcpp; path = unity_mediation_network.mm; sourceTree = "<group>"; };
		07A9A91E2EFD654F00F8335A /* ad_position.h */ = {isa = PBXFileReference; lastKnownFileType = sourcecode.c.h; path = ad_position.h; sourceTree = "<group>"; };
		07A9A91F2EFD654F00F8335A /* admob_ad_error.h */ = {isa = PBXFileReference; lastKnownFileType = sourcecode.c.h; path = admob_ad_error.h; sourceTree = "<group>"; };
		07A9A9202EFD654F00F8335A /* admob_ad_error.mm */ = {isa = PBXFileReference; lastKnownFileType = sourcecode.cpp.objcpp; path = admob_ad_error.mm; sourceTree = "<group>"; };
		07A9A9212EFD654F00F8335A /* admob_ad_info.h */ = {isa = PBXFileReference; lastKnownFileType = sourcecode.c.h; path = admob_ad_info.h; sourceTree = "<group>"; };
		07A9A9222EFD654F00F8335A /* admob_ad_info.mm */ = {isa = PBXFileReference; lastKnownFileType = sourcecode.cpp.objcpp; path = admob_ad_info.mm; sourceTree = "<group>"; };
		07A9A9232EFD654F00F8335A /* admob_ad_size.h */ = {isa = PBXFileReference; lastKnownFileType = sourcecode.c.h; path = admob_ad_size.h; sourceTree = "<group>"; };
		07A9A9242EFD654F00F8335A /* admob_ad_size.mm */ = {isa = PBXFileReference; lastKnownFileType = sourcecode.cpp.objcpp; path = admob_ad_size.mm; sourceTree = "<group>"; };
		07A9A9252EFD654F00F8335A /* admob_adapter_response.h */ = {isa = PBXFileReference; lastKnownFileType = sourcecode.c.h; path = admob_adapter_response.h; sourceTree = "<group>"; };
		07A9A9262EFD654F00F8335A /* admob_adapter_response.mm */ = {isa = PBXFileReference; lastKnownFileType = sourcecode.cpp.objcpp; path = admob_adapter_response.mm; sourceTree = "<group>"; };
		07A9A9272EFD654F00F8335A /* admob_config.h */ = {isa = PBXFileReference; lastKnownFileType = sourcecode.c.h; path = admob_config.h; sourceTree = "<group>"; };
		07A9A9282EFD654F00F8335A /* admob_config.mm */ = {isa = PBXFileReference; lastKnownFileType = sourcecode.cpp.objcpp; path = admob_config.mm; sourceTree = "<group>"; };
		07A9A9292EFD654F00F8335A /* admob_load_ad_error.h */ = {isa = PBXFileReference; lastKnownFileType = sourcecode.c.h; path = admob_load_ad_error.h; sourceTree = "<group>"; };
		07A9A92A2EFD654F00F8335A /* admob_load_ad_error.mm */ = {isa = PBXFileReference; lastKnownFileType = sourcecode.cpp.objcpp; path = admob_load_ad_error.mm; sourceTree = "<group>"; };
		07A9A92B2EFD654F00F8335A /* admob_response.h */ = {isa = PBXFileReference; lastKnownFileType = sourcecode.c.h; path = admob_response.h; sourceTree = "<group>"; };
		07A9A92C2EFD654F00F8335A /* admob_response.mm */ = {isa = PBXFileReference; lastKnownFileType = sourcecode.cpp.objcpp; path = admob_response.mm; sourceTree = "<group>"; };
		07A9A92D2EFD654F00F8335A /* admob_status.h */ = {isa = PBXFileReference; lastKnownFileType = sourcecode.c.h; path = admob_status.h; sourceTree = "<group>"; };
		07A9A92E2EFD654F00F8335A /* admob_status.mm */ = {isa = PBXFileReference; lastKnownFileType = sourcecode.cpp.objcpp; path = admob_status.mm; sourceTree = "<group>"; };
		07A9A92F2EFD654F00F8335A /* load_ad_request.h */ = {isa = PBXFileReference; lastKnownFileType = sourcecode.c.h; path = load_ad_request.h; sourceTree = "<group>"; };
		07A9A9302EFD654F00F8335A /* load_ad_request.mm */ = {isa = PBXFileReference; lastKnownFileType = sourcecode.cpp.objcpp; path = load_ad_request.mm; sourceTree = "<group>"; };
		07AF2A1F2EDE9CFC008A870E /* ConsentManager.swift */ = {isa = PBXFileReference; lastKnownFileType = sourcecode.swift; path = ConsentManager.swift; sourceTree = "<group>"; };
		07B12A6D2F23A3710098B81A /* GlobalSettings.swift */ = {isa = PBXFileReference; lastKnownFileType = sourcecode.swift; path = GlobalSettings.swift; sourceTree = "<group>"; };
		07CC05FB2F23B744004D4A22 /* ad_settings_wrapper.h */ = {isa = PBXFileReference; lastKnownFileType = sourcecode.c.h; path = ad_settings_wrapper.h; sourceTree = "<group>"; };
		07CC05FC2F23B744004D4A22 /* ad_settings_wrapper.mm */ = {isa = PBXFileReference; lastKnownFileType = sourcecode.cpp.objcpp; path = ad_settings_wrapper.mm; sourceTree = "<group>"; };
		07CC05FD2F23B744004D4A22 /* AdSettings.swift */ = {isa = PBXFileReference; lastKnownFileType = sourcecode.swift; path = AdSettings.swift; sourceTree = "<group>"; };
		1A3D1E30D9DC57319C20B62B /* Pods-admob_plugin.release.xcconfig */ = {isa = PBXFileReference; includeInIndex = 1; lastKnownFileType = text.xcconfig; name = "Pods-admob_plugin.release.xcconfig"; path = "Target Support Files/Pods-admob_plugin/Pods-admob_plugin.release.xcconfig"; sourceTree = "<group>"; };
		380C444E6383B0C8ACA7CA7D /* Pods_admob_plugin.framework */ = {isa = PBXFileReference; explicitFileType = wrapper.framework; includeInIndex = 0; path = Pods_admob_plugin.framework; sourceTree = BUILT_PRODUCTS_DIR; };
		403D7C7BCFBA671DEF15AE95 /* Pods-admob_plugin.debug.xcconfig */ = {isa = PBXFileReference; includeInIndex = 1; lastKnownFileType = text.xcconfig; name = "Pods-admob_plugin.debug.xcconfig"; path = "Target Support Files/Pods-admob_plugin/Pods-admob_plugin.debug.xcconfig"; sourceTree = "<group>"; };
		90CAAA9424E71FF10013969F /* libadmob_plugin.a */ = {isa = PBXFileReference; explicitFileType = archive.ar; includeInIndex = 0; path = libadmob_plugin.a; sourceTree = BUILT_PRODUCTS_DIR; };
		90CAAA9724E71FF10013969F /* admob_plugin.h */ = {isa = PBXFileReference; lastKnownFileType = sourcecode.c.h; path = admob_plugin.h; sourceTree = "<group>"; };
		90CAAA9824E71FF10013969F /* admob_plugin.mm */ = {isa = PBXFileReference; lastKnownFileType = sourcecode.cpp.objcpp; path = admob_plugin.mm; sourceTree = "<group>"; };
		AAE936A0178A8EA9BB753CEA /* Pods-admob_plugin_implementation.debug.xcconfig */ = {isa = PBXFileReference; includeInIndex = 1; lastKnownFileType = text.xcconfig; name = "Pods-admob_plugin_implementation.debug.xcconfig"; path = "Target Support Files/Pods-inapp_review_plugin/Pods-admob_plugin_implementation.debug.xcconfig"; sourceTree = "<group>"; };
		D5F7A9D28867FD798F31BF3B /* Pods-admob_plugin_implementation.release.xcconfig */ = {isa = PBXFileReference; includeInIndex = 1; lastKnownFileType = text.xcconfig; name = "Pods-admob_plugin_implementation.release.xcconfig"; path = "Target Support Files/Pods-inapp_review_plugin/Pods-admob_plugin_implementation.release.xcconfig"; sourceTree = "<group>"; };
/* End PBXFileReference section */

/* Begin PBXFrameworksBuildPhase section */
		90CAAA9124E71FF10013969F /* Frameworks */ = {
			isa = PBXFrameworksBuildPhase;
			buildActionMask = 2147483647;
			files = (
				94A1B0B2910D06DA0F4D3D3C /* Pods_admob_plugin.framework in Frameworks */,
			);
			runOnlyForDeploymentPostprocessing = 0;
		};
/* End PBXFrameworksBuildPhase section */

/* Begin PBXGroup section */
		07A9A8F42EFD654F00F8335A /* adformat */ = {
			isa = PBXGroup;
			children = (
				07A9A8E82EFD654F00F8335A /* ad_format_base.h */,
				07A9A8E92EFD654F00F8335A /* ad_format_base.mm */,
				07A9A8EA2EFD654F00F8335A /* app_open.h */,
				07A9A8EB2EFD654F00F8335A /* app_open.mm */,
				07A9A8EC2EFD654F00F8335A /* banner.h */,
				07A9A8ED2EFD654F00F8335A /* banner.mm */,
				07A9A8EE2EFD654F00F8335A /* interstitial.h */,
				07A9A8EF2EFD654F00F8335A /* interstitial.mm */,
				07A9A8F02EFD654F00F8335A /* rewarded.h */,
				07A9A8F12EFD654F00F8335A /* rewarded.mm */,
				07A9A8F22EFD654F00F8335A /* rewarded_interstitial.h */,
				07A9A8F32EFD654F00F8335A /* rewarded_interstitial.mm */,
			);
			path = adformat;
			sourceTree = "<group>";
		};
		07A9A91D2EFD654F00F8335A /* mediation */ = {
			isa = PBXGroup;
			children = (
				07A9A8F72EFD654F00F8335A /* applovin_mediation_network.h */,
				07A9A8F82EFD654F00F8335A /* applovin_mediation_network.mm */,
				07A9A8F92EFD654F00F8335A /* chartboost_mediation_network.h */,
				07A9A8FA2EFD654F00F8335A /* chartboost_mediation_network.mm */,
				07A9A8FB2EFD654F00F8335A /* dtexchange_mediation_network.h */,
				07A9A8FC2EFD654F00F8335A /* dtexchange_mediation_network.mm */,
				07A9A8FD2EFD654F00F8335A /* google_mediation_network.h */,
				07A9A8FE2EFD654F00F8335A /* google_mediation_network.mm */,
				07A9A8FF2EFD654F00F8335A /* imobile_mediation_network.h */,
				07A9A9002EFD654F00F8335A /* imobile_mediation_network.mm */,
				07A9A9012EFD654F00F8335A /* inmobi_mediation_network.h */,
				07A9A9022EFD654F00F8335A /* inmobi_mediation_network.mm */,
				07A9A9032EFD654F00F8335A /* ironsource_mediation_network.h */,
				07A9A9042EFD654F00F8335A /* ironsource_mediation_network.mm */,
				07A9A9052EFD654F00F8335A /* liftoff_mediation_network.h */,
				07A9A9062EFD654F00F8335A /* liftoff_mediation_network.mm */,
				07A9A9072EFD654F00F8335A /* line_mediation_network.h */,
				07A9A9082EFD654F00F8335A /* line_mediation_network.mm */,
				07A9A9092EFD654F00F8335A /* maio_mediation_network.h */,
				07A9A90A2EFD654F00F8335A /* maio_mediation_network.mm */,
				07A9A90B2EFD654F00F8335A /* mediation_network.h */,
				07A9A90C2EFD654F00F8335A /* mediation_network.mm */,
				07A9A90D2EFD654F00F8335A /* mediation_network_factory.h */,
				07A9A90E2EFD654F00F8335A /* mediation_network_factory.mm */,
				07A9A90F2EFD654F00F8335A /* meta_mediation_network.h */,
				07A9A9102EFD654F00F8335A /* meta_mediation_network.mm */,
				07A9A9112EFD654F00F8335A /* mintegral_mediation_network.h */,
				07A9A9122EFD654F00F8335A /* mintegral_mediation_network.mm */,
				07A9A9132EFD654F00F8335A /* moloco_mediation_network.h */,
				07A9A9142EFD654F00F8335A /* moloco_mediation_network.mm */,
				07A9A9152EFD654F00F8335A /* mytarget_mediation_network.h */,
				07A9A9162EFD654F00F8335A /* mytarget_mediation_network.mm */,
				07A9A9172EFD654F00F8335A /* pangle_mediation_network.h */,
				07A9A9182EFD654F00F8335A /* pangle_mediation_network.mm */,
				07A9A9192EFD654F00F8335A /* privacy_settings.h */,
				07A9A91A2EFD654F00F8335A /* privacy_settings.mm */,
				07A9A91B2EFD654F00F8335A /* unity_mediation_network.h */,
				07A9A91C2EFD654F00F8335A /* unity_mediation_network.mm */,
			);
			path = mediation;
			sourceTree = "<group>";
		};
		07A9A9312EFD654F00F8335A /* model */ = {
			isa = PBXGroup;
			children = (
				07CC05FB2F23B744004D4A22 /* ad_settings_wrapper.h */,
				07CC05FC2F23B744004D4A22 /* ad_settings_wrapper.mm */,
				07CC05FD2F23B744004D4A22 /* AdSettings.swift */,
				07A9A91E2EFD654F00F8335A /* ad_position.h */,
				07A9A91F2EFD654F00F8335A /* admob_ad_error.h */,
				07A9A9202EFD654F00F8335A /* admob_ad_error.mm */,
				07A9A9212EFD654F00F8335A /* admob_ad_info.h */,
				07A9A9222EFD654F00F8335A /* admob_ad_info.mm */,
				07A9A9232EFD654F00F8335A /* admob_ad_size.h */,
				07A9A9242EFD654F00F8335A /* admob_ad_size.mm */,
				07A9A9252EFD654F00F8335A /* admob_adapter_response.h */,
				07A9A9262EFD654F00F8335A /* admob_adapter_response.mm */,
				07A9A9272EFD654F00F8335A /* admob_config.h */,
				07A9A9282EFD654F00F8335A /* admob_config.mm */,
				07A9A9292EFD654F00F8335A /* admob_load_ad_error.h */,
				07A9A92A2EFD654F00F8335A /* admob_load_ad_error.mm */,
				07A9A92B2EFD654F00F8335A /* admob_response.h */,
				07A9A92C2EFD654F00F8335A /* admob_response.mm */,
				07A9A92D2EFD654F00F8335A /* admob_status.h */,
				07A9A92E2EFD654F00F8335A /* admob_status.mm */,
				07A9A92F2EFD654F00F8335A /* load_ad_request.h */,
				07A9A9302EFD654F00F8335A /* load_ad_request.mm */,
			);
			path = model;
			sourceTree = "<group>";
		};
		66EA7AD27171A8F93A267403 /* Pods */ = {
			isa = PBXGroup;
			children = (
				403D7C7BCFBA671DEF15AE95 /* Pods-admob_plugin.debug.xcconfig */,
				1A3D1E30D9DC57319C20B62B /* Pods-admob_plugin.release.xcconfig */,
				AAE936A0178A8EA9BB753CEA /* Pods-admob_plugin_implementation.debug.xcconfig */,
				D5F7A9D28867FD798F31BF3B /* Pods-admob_plugin_implementation.release.xcconfig */,
			);
			path = Pods;
			sourceTree = "<group>";
		};
		90CAAA8B24E71FF10013969F = {
			isa = PBXGroup;
			children = (
				90CAAA9624E71FF10013969F /* admob */,
				90CAAA9524E71FF10013969F /* Products */,
				90CAAAA824E72A8A0013969F /* Frameworks */,
				66EA7AD27171A8F93A267403 /* Pods */,
			);
			sourceTree = "<group>";
		};
		90CAAA9524E71FF10013969F /* Products */ = {
			isa = PBXGroup;
			children = (
				90CAAA9424E71FF10013969F /* libadmob_plugin.a */,
			);
			name = Products;
			sourceTree = "<group>";
		};
		90CAAA9624E71FF10013969F /* admob */ = {
			isa = PBXGroup;
			children = (
				07A9A8F42EFD654F00F8335A /* adformat */,
				07A9A91D2EFD654F00F8335A /* mediation */,
				07A9A9312EFD654F00F8335A /* model */,
				07787D0C2EDA6C22009B6F5F /* admob_logger.h */,
				07787D0D2EDA6C22009B6F5F /* admob_logger.m */,
				073B52C32ECF241C0063663B /* admob_plugin-Bridging-Header.h */,
				90CAAA9724E71FF10013969F /* admob_plugin.h */,
				90CAAA9824E71FF10013969F /* admob_plugin.mm */,
				07A9A8F52EFD654F00F8335A /* admob_plugin_bootstrap.h */,
				07A9A8F62EFD654F00F8335A /* admob_plugin_bootstrap.mm */,
				07AF2A1F2EDE9CFC008A870E /* ConsentManager.swift */,
				07B12A6D2F23A3710098B81A /* GlobalSettings.swift */,
				07787D0E2EDA6C22009B6F5F /* gap_converter.h */,
				07787D0F2EDA6C22009B6F5F /* gap_converter.mm */,
			);
			path = admob;
			sourceTree = "<group>";
		};
		90CAAAA824E72A8A0013969F /* Frameworks */ = {
			isa = PBXGroup;
			children = (
				380C444E6383B0C8ACA7CA7D /* Pods_admob_plugin.framework */,
			);
			name = Frameworks;
			sourceTree = "<group>";
		};
/* End PBXGroup section */

/* Begin PBXNativeTarget section */
		90CAAA9324E71FF10013969F /* admob_plugin */ = {
			isa = PBXNativeTarget;
			buildConfigurationList = 90CAAA9D24E71FF10013969F /* Build configuration list for PBXNativeTarget "admob_plugin" */;
			buildPhases = (
				DD9BF3CC2255FDE9321FE7D1 /* [CP] Check Pods Manifest.lock */,
				90CAAA9024E71FF10013969F /* Sources */,
				90CAAA9124E71FF10013969F /* Frameworks */,
				90CAAA9224E71FF10013969F /* CopyFiles */,
			);
			buildRules = (
			);
			dependencies = (
			);
			name = admob_plugin;
			productName = admob_plugin;
			productReference = 90CAAA9424E71FF10013969F /* libadmob_plugin.a */;
			productType = "com.apple.product-type.library.static";
		};
/* End PBXNativeTarget section */

/* Begin PBXProject section */
		90CAAA8C24E71FF10013969F /* Project object */ = {
			isa = PBXProject;
			attributes = {
				LastUpgradeCheck = 1160;
				ORGANIZATIONNAME = Godot;
				TargetAttributes = {
					90CAAA9324E71FF10013969F = {
						CreatedOnToolsVersion = 11.6;
						LastSwiftMigration = 1230;
					};
				};
			};
			buildConfigurationList = 90CAAA8F24E71FF10013969F /* Build configuration list for PBXProject "admob_plugin" */;
			compatibilityVersion = "Xcode 9.3";
			developmentRegion = en;
			hasScannedForEncodings = 0;
			knownRegions = (
				en,
				Base,
			);
			mainGroup = 90CAAA8B24E71FF10013969F;
			productRefGroup = 90CAAA9524E71FF10013969F /* Products */;
			projectDirPath = "";
			projectRoot = "";
			targets = (
				90CAAA9324E71FF10013969F /* admob_plugin */,
			);
		};
/* End PBXProject section */

/* Begin PBXShellScriptBuildPhase section */
		DD9BF3CC2255FDE9321FE7D1 /* [CP] Check Pods Manifest.lock */ = {
			isa = PBXShellScriptBuildPhase;
			buildActionMask = 2147483647;
			files = (
			);
			inputFileListPaths = (
			);
			inputPaths = (
				"${PODS_PODFILE_DIR_PATH}/Podfile.lock",
				"${PODS_ROOT}/Manifest.lock",
			);
			name = "[CP] Check Pods Manifest.lock";
			outputFileListPaths = (
			);
			outputPaths = (
				"$(DERIVED_FILE_DIR)/Pods-admob_plugin-checkManifestLockResult.txt",
			);
			runOnlyForDeploymentPostprocessing = 0;
			shellPath = /bin/sh;
			shellScript = "diff \"${PODS_PODFILE_DIR_PATH}/Podfile.lock\" \"${PODS_ROOT}/Manifest.lock\" > /dev/null\nif [ $? != 0 ] ; then\n    # print error to STDERR\n    echo \"error: The sandbox is not in sync with the Podfile.lock. Run 'pod install' or update your CocoaPods installation.\" >&2\n    exit 1\nfi\n# This output is used by Xcode 'outputs' to avoid re-running this script phase.\necho \"SUCCESS\" > \"${SCRIPT_OUTPUT_FILE_0}\"\n";
			showEnvVarsInLog = 0;
		};
/* End PBXShellScriptBuildPhase section */

/* Begin PBXSourcesBuildPhase section */
		90CAAA9024E71FF10013969F /* Sources */ = {
			isa = PBXSourcesBuildPhase;
			buildActionMask = 2147483647;
			files = (
				07787D512EDA6C22009B6F5F /* gap_converter.mm in Sources */,
				07787D592EDA6C22009B6F5F /* admob_logger.m in Sources */,
				07A9A9322EFD654F00F8335A /* admob_status.mm in Sources */,
				07A9A9332EFD654F00F8335A /* admob_adapter_response.mm in Sources */,
				07A9A9342EFD654F00F8335A /* chartboost_mediation_network.mm in Sources */,
				07A9A9352EFD654F00F8335A /* dtexchange_mediation_network.mm in Sources */,
				07A9A9362EFD654F00F8335A /* mediation_network_factory.mm in Sources */,
				07A9A9372EFD654F00F8335A /* google_mediation_network.mm in Sources */,
				07A9A9382EFD654F00F8335A /* load_ad_request.mm in Sources */,
				07A9A9392EFD654F00F8335A /* line_mediation_network.mm in Sources */,
				07CC05FE2F23B744004D4A22 /* ad_settings_wrapper.mm in Sources */,
				07CC05FF2F23B744004D4A22 /* AdSettings.swift in Sources */,
				07A9A93A2EFD654F00F8335A /* inmobi_mediation_network.mm in Sources */,
				07A9A93B2EFD654F00F8335A /* admob_plugin_bootstrap.mm in Sources */,
				07A9A93C2EFD654F00F8335A /* imobile_mediation_network.mm in Sources */,
				07A9A93D2EFD654F00F8335A /* banner.mm in Sources */,
				07A9A93E2EFD654F00F8335A /* admob_ad_error.mm in Sources */,
				07A9A93F2EFD654F00F8335A /* admob_response.mm in Sources */,
				07A9A9402EFD654F00F8335A /* ironsource_mediation_network.mm in Sources */,
				07A9A9412EFD654F00F8335A /* moloco_mediation_network.mm in Sources */,
				07A9A9422EFD654F00F8335A /* maio_mediation_network.mm in Sources */,
				07A9A9432EFD654F00F8335A /* meta_mediation_network.mm in Sources */,
				07A9A9442EFD654F00F8335A /* mytarget_mediation_network.mm in Sources */,
				07A9A9452EFD654F00F8335A /* applovin_mediation_network.mm in Sources */,
				07A9A9462EFD654F00F8335A /* admob_config.mm in Sources */,
				07A9A9472EFD654F00F8335A /* privacy_settings.mm in Sources */,
				07A9A9482EFD654F00F8335A /* admob_ad_size.mm in Sources */,
				07A9A9492EFD654F00F8335A /* pangle_mediation_network.mm in Sources */,
				07A9A94A2EFD654F00F8335A /* ad_format_base.mm in Sources */,
				07A9A94B2EFD654F00F8335A /* admob_load_ad_error.mm in Sources */,
				07A9A94C2EFD654F00F8335A /* unity_mediation_network.mm in Sources */,
				07A9A94D2EFD654F00F8335A /* app_open.mm in Sources */,
				07A9A94E2EFD654F00F8335A /* rewarded_interstitial.mm in Sources */,
				07A9A94F2EFD654F00F8335A /* interstitial.mm in Sources */,
				07A9A9502EFD654F00F8335A /* mintegral_mediation_network.mm in Sources */,
				07B12A6E2F23A3710098B81A /* GlobalSettings.swift in Sources */,
				07A9A9512EFD654F00F8335A /* rewarded.mm in Sources */,
				07A9A9522EFD654F00F8335A /* liftoff_mediation_network.mm in Sources */,
				07A9A9532EFD654F00F8335A /* admob_ad_info.mm in Sources */,
				07A9A9542EFD654F00F8335A /* mediation_network.mm in Sources */,
				07AF2A202EDE9CFC008A870E /* ConsentManager.swift in Sources */,
				90CAAA9924E71FF10013969F /* admob_plugin.mm in Sources */,
			);
			runOnlyForDeploymentPostprocessing = 0;
		};
/* End PBXSourcesBuildPhase section */

/* Begin XCBuildConfiguration section */
		90CAAA9B24E71FF10013969F /* Debug */ = {
			isa = XCBuildConfiguration;
			buildSettings = {
				ALWAYS_SEARCH_USER_PATHS = NO;
				CLANG_ANALYZER_NONNULL = YES;
				CLANG_ANALYZER_NUMBER_OBJECT_CONVERSION = YES_AGGRESSIVE;
				CLANG_CXX_LANGUAGE_STANDARD = "gnu++17";
				CLANG_CXX_LIBRARY = "libc++";
				CLANG_ENABLE_MODULES = YES;
				CLANG_ENABLE_OBJC_ARC = YES;
				CLANG_ENABLE_OBJC_WEAK = YES;
				CLANG_WARN_BLOCK_CAPTURE_AUTORELEASING = YES;
				CLANG_WARN_BOOL_CONVERSION = YES;
				CLANG_WARN_COMMA = YES;
				CLANG_WARN_CONSTANT_CONVERSION = YES;
				CLANG_WARN_DEPRECATED_OBJC_IMPLEMENTATIONS = YES;
				CLANG_WARN_DIRECT_OBJC_ISA_USAGE = YES_ERROR;
				CLANG_WARN_DOCUMENTATION_COMMENTS = YES;
				CLANG_WARN_EMPTY_BODY = YES;
				CLANG_WARN_ENUM_CONVERSION = YES;
				CLANG_WARN_INFINITE_RECURSION = YES;
				CLANG_WARN_INT_CONVERSION = YES;
				CLANG_WARN_NON_LITERAL_NULL_CONVERSION = YES;
				CLANG_WARN_OBJC_IMPLICIT_RETAIN_SELF = YES;
				CLANG_WARN_OBJC_LITERAL_CONVERSION = YES;
				CLANG_WARN_OBJC_ROOT_CLASS = YES_ERROR;
				CLANG_WARN_RANGE_LOOP_ANALYSIS = YES;
				CLANG_WARN_STRICT_PROTOTYPES = YES;
				CLANG_WARN_SUSPICIOUS_MOVE = YES;
				CLANG_WARN_UNGUARDED_AVAILABILITY = YES_AGGRESSIVE;
				CLANG_WARN_UNREACHABLE_CODE = YES;
				CLANG_WARN__DUPLICATE_METHOD_MATCH = YES;
				COPY_PHASE_STRIP = NO;
				DEBUG_INFORMATION_FORMAT = dwarf;
				ENABLE_STRICT_OBJC_MSGSEND = YES;
				ENABLE_TESTABILITY = YES;
				GCC_C_LANGUAGE_STANDARD = gnu11;
				GCC_DYNAMIC_NO_PIC = NO;
				GCC_NO_COMMON_BLOCKS = YES;
				GCC_OPTIMIZATION_LEVEL = 0;
				GCC_PREPROCESSOR_DEFINITIONS = (
					"DEBUG=1",
					"$(inherited)",
				);
				GCC_WARN_64_TO_32_BIT_CONVERSION = YES;
				GCC_WARN_ABOUT_RETURN_TYPE = YES_ERROR;
				GCC_WARN_UNDECLARED_SELECTOR = YES;
				GCC_WARN_UNINITIALIZED_AUTOS = YES_AGGRESSIVE;
				GCC_WARN_UNUSED_FUNCTION = YES;
				GCC_WARN_UNUSED_VARIABLE = YES;
				IPHONEOS_DEPLOYMENT_TARGET = 14.3;
				MTL_ENABLE_DEBUG_INFO = INCLUDE_SOURCE;
				MTL_FAST_MATH = YES;
				ONLY_ACTIVE_ARCH = YES;
				SDKROOT = iphoneos;
			};
			name = Debug;
		};
		90CAAA9C24E71FF10013969F /* Release */ = {
			isa = XCBuildConfiguration;
			buildSettings = {
				ALWAYS_SEARCH_USER_PATHS = NO;
				CLANG_ANALYZER_NONNULL = YES;
				CLANG_ANALYZER_NUMBER_OBJECT_CONVERSION = YES_AGGRESSIVE;
				CLANG_CXX_LANGUAGE_STANDARD = "gnu++17";
				CLANG_CXX_LIBRARY = "libc++";
				CLANG_ENABLE_MODULES = YES;
				CLANG_ENABLE_OBJC_ARC = YES;
				CLANG_ENABLE_OBJC_WEAK = YES;
				CLANG_WARN_BLOCK_CAPTURE_AUTORELEASING = YES;
				CLANG_WARN_BOOL_CONVERSION = YES;
				CLANG_WARN_COMMA = YES;
				CLANG_WARN_CONSTANT_CONVERSION = YES;
				CLANG_WARN_DEPRECATED_OBJC_IMPLEMENTATIONS = YES;
				CLANG_WARN_DIRECT_OBJC_ISA_USAGE = YES_ERROR;
				CLANG_WARN_DOCUMENTATION_COMMENTS = YES;
				CLANG_WARN_EMPTY_BODY = YES;
				CLANG_WARN_ENUM_CONVERSION = YES;
				CLANG_WARN_INFINITE_RECURSION = YES;
				CLANG_WARN_INT_CONVERSION = YES;
				CLANG_WARN_NON_LITERAL_NULL_CONVERSION = YES;
				CLANG_WARN_OBJC_IMPLICIT_RETAIN_SELF = YES;
				CLANG_WARN_OBJC_LITERAL_CONVERSION = YES;
				CLANG_WARN_OBJC_ROOT_CLASS = YES_ERROR;
				CLANG_WARN_RANGE_LOOP_ANALYSIS = YES;
				CLANG_WARN_STRICT_PROTOTYPES = YES;
				CLANG_WARN_SUSPICIOUS_MOVE = YES;
				CLANG_WARN_UNGUARDED_AVAILABILITY = YES_AGGRESSIVE;
				CLANG_WARN_UNREACHABLE_CODE = YES;
				CLANG_WARN__DUPLICATE_METHOD_MATCH = YES;
				COPY_PHASE_STRIP = NO;
				DEBUG_INFORMATION_FORMAT = "dwarf-with-dsym";
				ENABLE_NS_ASSERTIONS = NO;
				ENABLE_STRICT_OBJC_MSGSEND = YES;
				GCC_C_LANGUAGE_STANDARD = gnu11;
				GCC_NO_COMMON_BLOCKS = YES;
				GCC_WARN_64_TO_32_BIT_CONVERSION = YES;
				GCC_WARN_ABOUT_RETURN_TYPE = YES_ERROR;
				GCC_WARN_UNDECLARED_SELECTOR = YES;
				GCC_WARN_UNINITIALIZED_AUTOS = YES_AGGRESSIVE;
				GCC_WARN_UNUSED_FUNCTION = YES;
				GCC_WARN_UNUSED_VARIABLE = YES;
				IPHONEOS_DEPLOYMENT_TARGET = 16.0;
				MTL_ENABLE_DEBUG_INFO = NO;
				MTL_FAST_MATH = YES;
				SDKROOT = iphoneos;
				VALIDATE_PRODUCT = YES;
			};
			name = Release;
		};
		90CAAA9E24E71FF10013969F /* Debug */ = {
			isa = XCBuildConfiguration;
			baseConfigurationReference = 403D7C7BCFBA671DEF15AE95 /* Pods-admob_plugin.debug.xcconfig */;
			buildSettings = {
				CODE_SIGN_STYLE = Automatic;
				HEADER_SEARCH_PATHS = (
					"$(inherited)",
					"$(SRCROOT)/adformat",
					"$(SRCROOT)/mediation",
					"$(SRCROOT)/model",
				);
				IPHONEOS_DEPLOYMENT_TARGET = 16.0;
				LD_RUNPATH_SEARCH_PATHS = (
					"$(inherited)",
					"@executable_path/Frameworks",
					"@loader_path/Frameworks",
				);
				LIBRARY_SEARCH_PATHS = (
					"$(inherited)",
					"$(PROJECT_DIR)/godot/bin",
				);
				ONLY_ACTIVE_ARCH = YES;
				OTHER_CFLAGS = (
					"-g",
					"-DDEBUG",
					"-DDEBUG_ENABLED",
					"-DDEBUG_MEMORY_ALLOC",
					"-DDISABLE_FORCED_INLINE",
					"-DTYPED_METHOD_BIND",
					"-fmodules",
					"-fobjc-arc",
					"-fmessage-length=0",
					"-fno-strict-aliasing",
					"-fdiagnostics-print-source-range-info",
					"-fdiagnostics-show-category=id",
					"-fdiagnostics-parseable-fixits",
					"-fpascal-strings",
					"-fblocks",
					"-fvisibility=hidden",
					"-MMD",
					"-fno-exceptions",
					"-Wno-ambiguous-macro",
					"-Wall",
					"-Werror=return-type",
					"-DPTRCALL_ENABLED",
				);
				OTHER_CPLUSPLUSFLAGS = (
					"-fcxx-modules",
					"-gdwarf-2",
					"-O0",
					"-DDEBUG_MEMORY_ALLOC",
					"-DDISABLE_FORCED_INLINE",
					"-D_DEBUG",
					"-DDEBUG=1",
					"-DDEBUG_ENABLED",
					"-DVERSION_4_0",
					"-DIOS_ENABLED",
					"-DNEED_LONG_INT",
					"-DLIBYUV_DISABLE_NEON",
					"-DIPHONE_ENABLED",
					"-DUNIX_ENABLED",
					"-DCOREAUDIO_ENABLED",
					"-DAPPLE_EMBEDDED_ENABLED",
					"-isystem",
					"$(SRCROOT)/godot",
					"-isystem",
					"$(SRCROOT)/godot/drivers/apple_embedded",
					"-isystem",
					"$(SRCROOT)/godot/platform/ios",
				);
				OTHER_LDFLAGS = (
					"$(inherited)",
					"-ObjC",
					"-framework",
					os,
					"-lswiftCore",
					"-lswiftDispatch",
					"-lswiftObjectiveC",
					"-lswiftUIKit",
					"-lswiftFoundation",
				);
				PRODUCT_NAME = "$(TARGET_NAME)";
				SKIP_INSTALL = YES;
				SWIFT_OBJC_BRIDGING_HEADER = "admob/admob_plugin-Bridging-Header.h";
				SWIFT_OPTIMIZATION_LEVEL = "-Onone";
				SWIFT_VERSION = 5.9;
				TARGETED_DEVICE_FAMILY = "1,2";
			};
			name = Debug;
		};
		90CAAA9F24E71FF10013969F /* Release */ = {
			isa = XCBuildConfiguration;
			baseConfigurationReference = 1A3D1E30D9DC57319C20B62B /* Pods-admob_plugin.release.xcconfig */;
			buildSettings = {
				CODE_SIGN_STYLE = Automatic;
				HEADER_SEARCH_PATHS = (
					"$(inherited)",
					"$(SRCROOT)/adformat",
					"$(SRCROOT)/mediation",
					"$(SRCROOT)/model",
				);
				IPHONEOS_DEPLOYMENT_TARGET = 16.0;
				LD_RUNPATH_SEARCH_PATHS = (
					"$(inherited)",
					"@executable_path/Frameworks",
					"@loader_path/Frameworks",
				);
				LIBRARY_SEARCH_PATHS = (
					"$(inherited)",
					"$(PROJECT_DIR)/godot/bin",
				);
				ONLY_ACTIVE_ARCH = YES;
				OTHER_CFLAGS = (
					"-fmodules",
					"-fobjc-arc",
					"-fmessage-length=0",
					"-fno-strict-aliasing",
					"-fdiagnostics-print-source-range-info",
					"-fdiagnostics-show-category=id",
					"-fdiagnostics-parseable-fixits",
					"-fpascal-strings",
					"-fblocks",
					"-fvisibility=hidden",
					"-MMD",
					"-fno-exceptions",
					"-Wno-ambiguous-macro",
					"-Wall",
					"-Werror=return-type",
					"-DPTRCALL_ENABLED",
				);
				OTHER_CPLUSPLUSFLAGS = (
					"-fcxx-modules",
					"-O2",
					"-ftree-vectorize",
					"-DNDEBUG",
					"-DNS_BLOCK_ASSERTIONS=1",
					"-DVERSION_4_0",
					"-DIOS_ENABLED",
					"-DNEED_LONG_INT",
					"-DLIBYUV_DISABLE_NEON",
					"-DIPHONE_ENABLED",
					"-DUNIX_ENABLED",
					"-DCOREAUDIO_ENABLED",
					"-DAPPLE_EMBEDDED_ENABLED",
					"-isystem",
					"$(SRCROOT)/godot",
					"-isystem",
					"$(SRCROOT)/godot/drivers/apple_embedded",
					"-isystem",
					"$(SRCROOT)/godot/platform/ios",
				);
				OTHER_LDFLAGS = (
					"$(inherited)",
					"-ObjC",
					"-framework",
					os,
					"-lswiftCore",
					"-lswiftDispatch",
					"-lswiftObjectiveC",
					"-lswiftUIKit",
					"-lswiftFoundation",
				);
				PRODUCT_NAME = "$(TARGET_NAME)";
				SKIP_INSTALL = YES;
				SWIFT_OBJC_BRIDGING_HEADER = "admob/admob_plugin-Bridging-Header.h";
				SWIFT_VERSION = 5.9;
				TARGETED_DEVICE_FAMILY = "1,2";
			};
			name = Release;
		};
/* End XCBuildConfiguration section */

/* Begin XCConfigurationList section */
		90CAAA8F24E71FF10013969F /* Build configuration list for PBXProject "admob_plugin" */ = {
			isa = XCConfigurationList;
			buildConfigurations = (
				90CAAA9B24E71FF10013969F /* Debug */,
				90CAAA9C24E71FF10013969F /* Release */,
			);
			defaultConfigurationIsVisible = 0;
			defaultConfigurationName = Release;
		};
		90CAAA9D24E71FF10013969F /* Build configuration list for PBXNativeTarget "admob_plugin" */ = {
			isa = XCConfigurationList;
			buildConfigurations = (
				90CAAA9E24E71FF10013969F /* Debug */,
				90CAAA9F24E71FF10013969F /* Release */,
			);
			defaultConfigurationIsVisible = 0;
			defaultConfigurationName = Release;
		};
/* End XCConfigurationList section */
	};
	rootObject = 90CAAA8C24E71FF10013969F /* Project object */;
}
